
Microsoft Visual Studio Solution File, Format Version 12.00
# Visual Studio Version 17
VisualStudioVersion = 17.0.31903.59
MinimumVisualStudioVersion = 10.0.40219.1
Project("{2150E333-8FDC-42A3-9474-1A3956D46DE8}") = "src", "src", "{827E0CD3-B72D-47B6-A68D-7590B98EB39B}"
EndProject
Project("{2150E333-8FDC-42A3-9474-1A3956D46DE8}") = "apis", "apis", "{2B3BBCB9-5FF0-936D-1E46-FF3628A685EC}"
EndProject
Project("{2150E333-8FDC-42A3-9474-1A3956D46DE8}") = "Appointments", "Appointments", "{B45CBF1B-986E-1CDA-BFA9-FEA7FBA48F0C}"
EndProject
Project("{2150E333-8FDC-42A3-9474-1A3956D46DE8}") = "Appointments.Api", "Appointments.Api", "{499554A0-5E08-E61F-AE8B-6965DEFB5057}"
EndProject
Project("{FAE04EC0-301F-11D3-BF4B-00C04F79EFBC}") = "HealthTech.Appointments.Api", "src\apis\Appointments\Appointments.Api\HealthTech.Appointments.Api.csproj", "{079C1EEF-8406-4A5F-84AC-1F5ACE053D44}"
EndProject
Project("{2150E333-8FDC-42A3-9474-1A3956D46DE8}") = "shared", "shared", "{C8E42992-5E42-0C2B-DBFE-AA848D06431C}"
EndProject
Project("{2150E333-8FDC-42A3-9474-1A3956D46DE8}") = "Abstractions", "Abstractions", "{653321EE-8459-8F0C-2B73-83632013A9E2}"
EndProject
Project("{FAE04EC0-301F-11D3-BF4B-00C04F79EFBC}") = "HealthTech.BuildingBlocks.Abstractions", "src\shared\Abstractions\HealthTech.BuildingBlocks.Abstractions.csproj", "{1FC98543-8481-496B-AAF5-CD1BD97A332A}"
EndProject
Project("{2150E333-8FDC-42A3-9474-1A3956D46DE8}") = "Appointments.Application", "Appointments.Application", "{BF06A609-9020-F3AD-DA42-2CC59AFA09F1}"
EndProject
Project("{FAE04EC0-301F-11D3-BF4B-00C04F79EFBC}") = "HealthTech.Appointments.Application", "src\apis\Appointments\Appointments.Application\HealthTech.Appointments.Application.csproj", "{CAD4602D-09A1-4CC1-A7DF-141AD9916D1A}"
EndProject
Project("{2150E333-8FDC-42A3-9474-1A3956D46DE8}") = "SharedKernel", "SharedKernel", "{9879F9DB-0392-E7E9-C30F-5253536AFE4A}"
EndProject
Project("{FAE04EC0-301F-11D3-BF4B-00C04F79EFBC}") = "HealthTech.BuildingBlocks.SharedKernel", "src\shared\SharedKernel\HealthTech.BuildingBlocks.SharedKernel.csproj", "{AEE8C582-9E89-4368-A45E-A9580EF372C8}"
EndProject
Project("{2150E333-8FDC-42A3-9474-1A3956D46DE8}") = "Appointments.Domain", "Appointments.Domain", "{BD92D4ED-DD1E-09B8-146C-5EDFF38683C0}"
EndProject
Project("{FAE04EC0-301F-11D3-BF4B-00C04F79EFBC}") = "HealthTech.Appointments.Domain", "src\apis\Appointments\Appointments.Domain\HealthTech.Appointments.Domain.csproj", "{D03DA0DD-079F-4498-9E0B-810B99FE4D58}"
EndProject
Project("{2150E333-8FDC-42A3-9474-1A3956D46DE8}") = "Appointments.Infrastructure", "Appointments.Infrastructure", "{DE8F3A56-014D-BB97-42ED-A0C824BFA6BF}"
EndProject
Project("{FAE04EC0-301F-11D3-BF4B-00C04F79EFBC}") = "HealthTech.Appointments.Infrastructure", "src\apis\Appointments\Appointments.Infrastructure\HealthTech.Appointments.Infrastructure.csproj", "{5F6B2449-468E-46DC-B93F-E247C5629B38}"
EndProject
Project("{2150E333-8FDC-42A3-9474-1A3956D46DE8}") = "Identity", "Identity", "{18682D97-3D1A-F2C5-0E44-F9DC3996191A}"
EndProject
Project("{2150E333-8FDC-42A3-9474-1A3956D46DE8}") = "Identity.Api", "Identity.Api", "{A4F4772E-53E3-E63E-950F-1FCBD1DACDD4}"
EndProject
Project("{FAE04EC0-301F-11D3-BF4B-00C04F79EFBC}") = "HealthTech.Identity.Api", "src\apis\Identity\Identity.Api\HealthTech.Identity.Api.csproj", "{3732EC70-15C0-436A-AE1F-6F6AD48A0AC1}"
EndProject
Project("{2150E333-8FDC-42A3-9474-1A3956D46DE8}") = "Identity.Application", "Identity.Application", "{9A7317FD-99C2-B81C-0062-F47670C80340}"
EndProject
Project("{FAE04EC0-301F-11D3-BF4B-00C04F79EFBC}") = "HealthTech.Identity.Application", "src\apis\Identity\Identity.Application\HealthTech.Identity.Application.csproj", "{E5B0701A-E433-46E5-A0A1-67ED049A77CA}"
EndProject
Project("{2150E333-8FDC-42A3-9474-1A3956D46DE8}") = "Identity.Domain", "Identity.Domain", "{961B1BB3-222B-8333-D20A-FBA293E9F2FE}"
EndProject
Project("{FAE04EC0-301F-11D3-BF4B-00C04F79EFBC}") = "HealthTech.Identity.Domain", "src\apis\Identity\Identity.Domain\HealthTech.Identity.Domain.csproj", "{1A5D116B-A989-4BE8-A983-82C70A257058}"
EndProject
Project("{2150E333-8FDC-42A3-9474-1A3956D46DE8}") = "Identity.Infrastructure", "Identity.Infrastructure", "{B8BF4C11-6548-7F93-BA07-2066ACFE9112}"
EndProject
Project("{FAE04EC0-301F-11D3-BF4B-00C04F79EFBC}") = "HealthTech.Identity.Infrastructure", "src\apis\Identity\Identity.Infrastructure\HealthTech.Identity.Infrastructure.csproj", "{FE94F76C-FF35-40A1-8F31-8D2D50870EC8}"
EndProject
Project("{2150E333-8FDC-42A3-9474-1A3956D46DE8}") = "Patients", "Patients", "{45ED5631-0ED2-C716-0095-C5A03C531775}"
EndProject
Project("{2150E333-8FDC-42A3-9474-1A3956D46DE8}") = "Patients.Api", "Patients.Api", "{66501245-C4AC-9EC1-8A94-B164BBFC4CC7}"
EndProject
Project("{FAE04EC0-301F-11D3-BF4B-00C04F79EFBC}") = "HealthTech.Patients.Api", "src\apis\Patients\Patients.Api\HealthTech.Patients.Api.csproj", "{FB146624-0120-4440-A6D5-DE0BD608654E}"
EndProject
Project("{2150E333-8FDC-42A3-9474-1A3956D46DE8}") = "Patients.Application", "Patients.Application", "{0B5A7B8B-8BC0-6F72-9972-3BB08E81B43A}"
EndProject
Project("{FAE04EC0-301F-11D3-BF4B-00C04F79EFBC}") = "HealthTech.Patients.Application", "src\apis\Patients\Patients.Application\HealthTech.Patients.Application.csproj", "{ED0EE28A-31EC-431D-BF2D-2900F120EE7E}"
EndProject
Project("{2150E333-8FDC-42A3-9474-1A3956D46DE8}") = "Patients.Domain", "Patients.Domain", "{978110D5-4095-B0CB-8C51-F96FE72AF30A}"
EndProject
Project("{FAE04EC0-301F-11D3-BF4B-00C04F79EFBC}") = "HealthTech.Patients.Domain", "src\apis\Patients\Patients.Domain\HealthTech.Patients.Domain.csproj", "{E87D922E-20BE-4CD3-800B-2E4FBF0BF3EF}"
EndProject
Project("{2150E333-8FDC-42A3-9474-1A3956D46DE8}") = "Patients.Infrastructure", "Patients.Infrastructure", "{96C59E81-F878-DD84-3B86-C750D09E9143}"
EndProject
Project("{FAE04EC0-301F-11D3-BF4B-00C04F79EFBC}") = "HealthTech.Patients.Infrastructure", "src\apis\Patients\Patients.Infrastructure\HealthTech.Patients.Infrastructure.csproj", "{6CB2ADBD-F404-4E96-BC50-5E1C0E1B4508}"
EndProject
Project("{2150E333-8FDC-42A3-9474-1A3956D46DE8}") = "apphost", "apphost", "{63882A7C-90E5-DEE3-63BB-E6ABDBC8A365}"
EndProject
Project("{FAE04EC0-301F-11D3-BF4B-00C04F79EFBC}") = "HealthTech.AppHost", "src\apphost\HealthTech.AppHost.csproj", "{4EF27444-2755-4BBF-A847-EE81AD875459}"
EndProject
Project("{2150E333-8FDC-42A3-9474-1A3956D46DE8}") = "front", "front", "{08179FBA-AEB8-7AF7-21CF-6B348021C333}"
EndProject
Project("{FAE04EC0-301F-11D3-BF4B-00C04F79EFBC}") = "HealthTech.Front", "src\front\HealthTech.Front.csproj", "{579C09C3-E4D1-4A78-93A1-B9DD74814D0B}"
EndProject
Project("{2150E333-8FDC-42A3-9474-1A3956D46DE8}") = "bff", "bff", "{B5512AA7-7B9B-1802-74DB-5DED17EB80F5}"
EndProject
Project("{FAE04EC0-301F-11D3-BF4B-00C04F79EFBC}") = "HealthTech.Gateway", "src\bff\HealthTech.Gateway.csproj", "{2A896E26-F5C5-49A5-BACC-3317B6470580}"
EndProject
Project("{2150E333-8FDC-42A3-9474-1A3956D46DE8}") = "tests", "tests", "{0AB3BF05-4346-4AA6-1389-037BE0695223}"
EndProject
Project("{FAE04EC0-301F-11D3-BF4B-00C04F79EFBC}") = "HealthTech.Appointments.Tests", "tests\HealthTech.Appointments.Tests\HealthTech.Appointments.Tests.csproj", "{FE8DF83C-12E0-4727-837F-D63667BF6502}"
EndProject
Project("{FAE04EC0-301F-11D3-BF4B-00C04F79EFBC}") = "HealthTech.Database.Tests", "tests\HealthTech.Database.Tests\HealthTech.Database.Tests.csproj", "{1A1C0EFA-6AD1-415D-8A97-F11AB0F46618}"
EndProject
Project("{FAE04EC0-301F-11D3-BF4B-00C04F79EFBC}") = "HealthTech.FrontendClients.Tests", "tests\HealthTech.FrontendClients.Tests\HealthTech.FrontendClients.Tests.csproj", "{F9E79C02-5194-4B02-BCC7-78EB52F8E50E}"
EndProject
Project("{FAE04EC0-301F-11D3-BF4B-00C04F79EFBC}") = "HealthTech.Gateway.Tests", "tests\HealthTech.Gateway.Tests\HealthTech.Gateway.Tests.csproj", "{CAB7CDD5-19D2-4309-A585-B3E7D5DBDAAD}"
EndProject
Project("{FAE04EC0-301F-11D3-BF4B-00C04F79EFBC}") = "HealthTech.Patients.Tests", "tests\HealthTech.Patients.Tests\HealthTech.Patients.Tests.csproj", "{C56942BB-4C4B-43FD-AE40-C71D2421E620}"
EndProject
Global
	GlobalSection(SolutionConfigurationPlatforms) = preSolution
		Debug|Any CPU = Debug|Any CPU
		Debug|x64 = Debug|x64
		Debug|x86 = Debug|x86
		Release|Any CPU = Release|Any CPU
		Release|x64 = Release|x64
		Release|x86 = Release|x86
	EndGlobalSection
	GlobalSection(ProjectConfigurationPlatforms) = postSolution
		{079C1EEF-8406-4A5F-84AC-1F5ACE053D44}.Debug|Any CPU.ActiveCfg = Debug|Any CPU
		{079C1EEF-8406-4A5F-84AC-1F5ACE053D44}.Debug|Any CPU.Build.0 = Debug|Any CPU
		{079C1EEF-8406-4A5F-84AC-1F5ACE053D44}.Debug|x64.ActiveCfg = Debug|Any CPU
		{079C1EEF-8406-4A5F-84AC-1F5ACE053D44}.Debug|x64.Build.0 = Debug|Any CPU
		{079C1EEF-8406-4A5F-84AC-1F5ACE053D44}.Debug|x86.ActiveCfg = Debug|Any CPU
		{079C1EEF-8406-4A5F-84AC-1F5ACE053D44}.Debug|x86.Build.0 = Debug|Any CPU
		{079C1EEF-8406-4A5F-84AC-1F5ACE053D44}.Release|Any CPU.ActiveCfg = Release|Any CPU
		{079C1EEF-8406-4A5F-84AC-1F5ACE053D44}.Release|Any CPU.Build.0 = Release|Any CPU
		{079C1EEF-8406-4A5F-84AC-1F5ACE053D44}.Release|x64.ActiveCfg = Release|Any CPU
		{079C1EEF-8406-4A5F-84AC-1F5ACE053D44}.Release|x64.Build.0 = Release|Any CPU
		{079C1EEF-8406-4A5F-84AC-1F5ACE053D44}.Release|x86.ActiveCfg = Release|Any CPU
		{079C1EEF-8406-4A5F-84AC-1F5ACE053D44}.Release|x86.Build.0 = Release|Any CPU
		{1FC98543-8481-496B-AAF5-CD1BD97A332A}.Debug|Any CPU.ActiveCfg = Debug|Any CPU
		{1FC98543-8481-496B-AAF5-CD1BD97A332A}.Debug|Any CPU.Build.0 = Debug|Any CPU
		{1FC98543-8481-496B-AAF5-CD1BD97A332A}.Debug|x64.ActiveCfg = Debug|Any CPU
		{1FC98543-8481-496B-AAF5-CD1BD97A332A}.Debug|x64.Build.0 = Debug|Any CPU
		{1FC98543-8481-496B-AAF5-CD1BD97A332A}.Debug|x86.ActiveCfg = Debug|Any CPU
		{1FC98543-8481-496B-AAF5-CD1BD97A332A}.Debug|x86.Build.0 = Debug|Any CPU
		{1FC98543-8481-496B-AAF5-CD1BD97A332A}.Release|Any CPU.ActiveCfg = Release|Any CPU
		{1FC98543-8481-496B-AAF5-CD1BD97A332A}.Release|Any CPU.Build.0 = Release|Any CPU
		{1FC98543-8481-496B-AAF5-CD1BD97A332A}.Release|x64.ActiveCfg = Release|Any CPU
		{1FC98543-8481-496B-AAF5-CD1BD97A332A}.Release|x64.Build.0 = Release|Any CPU
		{1FC98543-8481-496B-AAF5-CD1BD97A332A}.Release|x86.ActiveCfg = Release|Any CPU
		{1FC98543-8481-496B-AAF5-CD1BD97A332A}.Release|x86.Build.0 = Release|Any CPU
		{CAD4602D-09A1-4CC1-A7DF-141AD9916D1A}.Debug|Any CPU.ActiveCfg = Debug|Any CPU
		{CAD4602D-09A1-4CC1-A7DF-141AD9916D1A}.Debug|Any CPU.Build.0 = Debug|Any CPU
		{CAD4602D-09A1-4CC1-A7DF-141AD9916D1A}.Debug|x64.ActiveCfg = Debug|Any CPU
		{CAD4602D-09A1-4CC1-A7DF-141AD9916D1A}.Debug|x64.Build.0 = Debug|Any CPU
		{CAD4602D-09A1-4CC1-A7DF-141AD9916D1A}.Debug|x86.ActiveCfg = Debug|Any CPU
		{CAD4602D-09A1-4CC1-A7DF-141AD9916D1A}.Debug|x86.Build.0 = Debug|Any CPU
		{CAD4602D-09A1-4CC1-A7DF-141AD9916D1A}.Release|Any CPU.ActiveCfg = Release|Any CPU
		{CAD4602D-09A1-4CC1-A7DF-141AD9916D1A}.Release|Any CPU.Build.0 = Release|Any CPU
		{CAD4602D-09A1-4CC1-A7DF-141AD9916D1A}.Release|x64.ActiveCfg = Release|Any CPU
		{CAD4602D-09A1-4CC1-A7DF-141AD9916D1A}.Release|x64.Build.0 = Release|Any CPU
		{CAD4602D-09A1-4CC1-A7DF-141AD9916D1A}.Release|x86.ActiveCfg = Release|Any CPU
		{CAD4602D-09A1-4CC1-A7DF-141AD9916D1A}.Release|x86.Build.0 = Release|Any CPU
		{AEE8C582-9E89-4368-A45E-A9580EF372C8}.Debug|Any CPU.ActiveCfg = Debug|Any CPU
		{AEE8C582-9E89-4368-A45E-A9580EF372C8}.Debug|Any CPU.Build.0 = Debug|Any CPU
		{AEE8C582-9E89-4368-A45E-A9580EF372C8}.Debug|x64.ActiveCfg = Debug|Any CPU
		{AEE8C582-9E89-4368-A45E-A9580EF372C8}.Debug|x64.Build.0 = Debug|Any CPU
		{AEE8C582-9E89-4368-A45E-A9580EF372C8}.Debug|x86.ActiveCfg = Debug|Any CPU
		{AEE8C582-9E89-4368-A45E-A9580EF372C8}.Debug|x86.Build.0 = Debug|Any CPU
		{AEE8C582-9E89-4368-A45E-A9580EF372C8}.Release|Any CPU.ActiveCfg = Release|Any CPU
		{AEE8C582-9E89-4368-A45E-A9580EF372C8}.Release|Any CPU.Build.0 = Release|Any CPU
		{AEE8C582-9E89-4368-A45E-A9580EF372C8}.Release|x64.ActiveCfg = Release|Any CPU
		{AEE8C582-9E89-4368-A45E-A9580EF372C8}.Release|x64.Build.0 = Release|Any CPU
		{AEE8C582-9E89-4368-A45E-A9580EF372C8}.Release|x86.ActiveCfg = Release|Any CPU
		{AEE8C582-9E89-4368-A45E-A9580EF372C8}.Release|x86.Build.0 = Release|Any CPU
		{D03DA0DD-079F-4498-9E0B-810B99FE4D58}.Debug|Any CPU.ActiveCfg = Debug|Any CPU
		{D03DA0DD-079F-4498-9E0B-810B99FE4D58}.Debug|Any CPU.Build.0 = Debug|Any CPU
		{D03DA0DD-079F-4498-9E0B-810B99FE4D58}.Debug|x64.ActiveCfg = Debug|Any CPU
		{D03DA0DD-079F-4498-9E0B-810B99FE4D58}.Debug|x64.Build.0 = Debug|Any CPU
		{D03DA0DD-079F-4498-9E0B-810B99FE4D58}.Debug|x86.ActiveCfg = Debug|Any CPU
		{D03DA0DD-079F-4498-9E0B-810B99FE4D58}.Debug|x86.Build.0 = Debug|Any CPU
		{D03DA0DD-079F-4498-9E0B-810B99FE4D58}.Release|Any CPU.ActiveCfg = Release|Any CPU
		{D03DA0DD-079F-4498-9E0B-810B99FE4D58}.Release|Any CPU.Build.0 = Release|Any CPU
		{D03DA0DD-079F-4498-9E0B-810B99FE4D58}.Release|x64.ActiveCfg = Release|Any CPU
		{D03DA0DD-079F-4498-9E0B-810B99FE4D58}.Release|x64.Build.0 = Release|Any CPU
		{D03DA0DD-079F-4498-9E0B-810B99FE4D58}.Release|x86.ActiveCfg = Release|Any CPU
		{D03DA0DD-079F-4498-9E0B-810B99FE4D58}.Release|x86.Build.0 = Release|Any CPU
		{5F6B2449-468E-46DC-B93F-E247C5629B38}.Debug|Any CPU.ActiveCfg = Debug|Any CPU
		{5F6B2449-468E-46DC-B93F-E247C5629B38}.Debug|Any CPU.Build.0 = Debug|Any CPU
		{5F6B2449-468E-46DC-B93F-E247C5629B38}.Debug|x64.ActiveCfg = Debug|Any CPU
		{5F6B2449-468E-46DC-B93F-E247C5629B38}.Debug|x64.Build.0 = Debug|Any CPU
		{5F6B2449-468E-46DC-B93F-E247C5629B38}.Debug|x86.ActiveCfg = Debug|Any CPU
		{5F6B2449-468E-46DC-B93F-E247C5629B38}.Debug|x86.Build.0 = Debug|Any CPU
		{5F6B2449-468E-46DC-B93F-E247C5629B38}.Release|Any CPU.ActiveCfg = Release|Any CPU
		{5F6B2449-468E-46DC-B93F-E247C5629B38}.Release|Any CPU.Build.0 = Release|Any CPU
		{5F6B2449-468E-46DC-B93F-E247C5629B38}.Release|x64.ActiveCfg = Release|Any CPU
		{5F6B2449-468E-46DC-B93F-E247C5629B38}.Release|x64.Build.0 = Release|Any CPU
		{5F6B2449-468E-46DC-B93F-E247C5629B38}.Release|x86.ActiveCfg = Release|Any CPU
		{5F6B2449-468E-46DC-B93F-E247C5629B38}.Release|x86.Build.0 = Release|Any CPU
		{3732EC70-15C0-436A-AE1F-6F6AD48A0AC1}.Debug|Any CPU.ActiveCfg = Debug|Any CPU
		{3732EC70-15C0-436A-AE1F-6F6AD48A0AC1}.Debug|Any CPU.Build.0 = Debug|Any CPU
		{3732EC70-15C0-436A-AE1F-6F6AD48A0AC1}.Debug|x64.ActiveCfg = Debug|Any CPU
		{3732EC70-15C0-436A-AE1F-6F6AD48A0AC1}.Debug|x64.Build.0 = Debug|Any CPU
		{3732EC70-15C0-436A-AE1F-6F6AD48A0AC1}.Debug|x86.ActiveCfg = Debug|Any CPU
		{3732EC70-15C0-436A-AE1F-6F6AD48A0AC1}.Debug|x86.Build.0 = Debug|Any CPU
		{3732EC70-15C0-436A-AE1F-6F6AD48A0AC1}.Release|Any CPU.ActiveCfg = Release|Any CPU
		{3732EC70-15C0-436A-AE1F-6F6AD48A0AC1}.Release|Any CPU.Build.0 = Release|Any CPU
		{3732EC70-15C0-436A-AE1F-6F6AD48A0AC1}.Release|x64.ActiveCfg = Release|Any CPU
		{3732EC70-15C0-436A-AE1F-6F6AD48A0AC1}.Release|x64.Build.0 = Release|Any CPU
		{3732EC70-15C0-436A-AE1F-6F6AD48A0AC1}.Release|x86.ActiveCfg = Release|Any CPU
		{3732EC70-15C0-436A-AE1F-6F6AD48A0AC1}.Release|x86.Build.0 = Release|Any CPU
		{E5B0701A-E433-46E5-A0A1-67ED049A77CA}.Debug|Any CPU.ActiveCfg = Debug|Any CPU
		{E5B0701A-E433-46E5-A0A1-67ED049A77CA}.Debug|Any CPU.Build.0 = Debug|Any CPU
		{E5B0701A-E433-46E5-A0A1-67ED049A77CA}.Debug|x64.ActiveCfg = Debug|Any CPU
		{E5B0701A-E433-46E5-A0A1-67ED049A77CA}.Debug|x64.Build.0 = Debug|Any CPU
		{E5B0701A-E433-46E5-A0A1-67ED049A77CA}.Debug|x86.ActiveCfg = Debug|Any CPU
		{E5B0701A-E433-46E5-A0A1-67ED049A77CA}.Debug|x86.Build.0 = Debug|Any CPU
		{E5B0701A-E433-46E5-A0A1-67ED049A77CA}.Release|Any CPU.ActiveCfg = Release|Any CPU
		{E5B0701A-E433-46E5-A0A1-67ED049A77CA}.Release|Any CPU.Build.0 = Release|Any CPU
		{E5B0701A-E433-46E5-A0A1-67ED049A77CA}.Release|x64.ActiveCfg = Release|Any CPU
		{E5B0701A-E433-46E5-A0A1-67ED049A77CA}.Release|x64.Build.0 = Release|Any CPU
		{E5B0701A-E433-46E5-A0A1-67ED049A77CA}.Release|x86.ActiveCfg = Release|Any CPU
		{E5B0701A-E433-46E5-A0A1-67ED049A77CA}.Release|x86.Build.0 = Release|Any CPU
		{1A5D116B-A989-4BE8-A983-82C70A257058}.Debug|Any CPU.ActiveCfg = Debug|Any CPU
		{1A5D116B-A989-4BE8-A983-82C70A257058}.Debug|Any CPU.Build.0 = Debug|Any CPU
		{1A5D116B-A989-4BE8-A983-82C70A257058}.Debug|x64.ActiveCfg = Debug|Any CPU
		{1A5D116B-A989-4BE8-A983-82C70A257058}.Debug|x64.Build.0 = Debug|Any CPU
		{1A5D116B-A989-4BE8-A983-82C70A257058}.Debug|x86.ActiveCfg = Debug|Any CPU
		{1A5D116B-A989-4BE8-A983-82C70A257058}.Debug|x86.Build.0 = Debug|Any CPU
		{1A5D116B-A989-4BE8-A983-82C70A257058}.Release|Any CPU.ActiveCfg = Release|Any CPU
		{1A5D116B-A989-4BE8-A983-82C70A257058}.Release|Any CPU.Build.0 = Release|Any CPU
		{1A5D116B-A989-4BE8-A983-82C70A257058}.Release|x64.ActiveCfg = Release|Any CPU
		{1A5D116B-A989-4BE8-A983-82C70A257058}.Release|x64.Build.0 = Release|Any CPU
		{1A5D116B-A989-4BE8-A983-82C70A257058}.Release|x86.ActiveCfg = Release|Any CPU
		{1A5D116B-A989-4BE8-A983-82C70A257058}.Release|x86.Build.0 = Release|Any CPU
		{FE94F76C-FF35-40A1-8F31-8D2D50870EC8}.Debug|Any CPU.ActiveCfg = Debug|Any CPU
		{FE94F76C-FF35-40A1-8F31-8D2D50870EC8}.Debug|Any CPU.Build.0 = Debug|Any CPU
		{FE94F76C-FF35-40A1-8F31-8D2D50870EC8}.Debug|x64.ActiveCfg = Debug|Any CPU
		{FE94F76C-FF35-40A1-8F31-8D2D50870EC8}.Debug|x64.Build.0 = Debug|Any CPU
		{FE94F76C-FF35-40A1-8F31-8D2D50870EC8}.Debug|x86.ActiveCfg = Debug|Any CPU
		{FE94F76C-FF35-40A1-8F31-8D2D50870EC8}.Debug|x86.Build.0 = Debug|Any CPU
		{FE94F76C-FF35-40A1-8F31-8D2D50870EC8}.Release|Any CPU.ActiveCfg = Release|Any CPU
		{FE94F76C-FF35-40A1-8F31-8D2D50870EC8}.Release|Any CPU.Build.0 = Release|Any CPU
		{FE94F76C-FF35-40A1-8F31-8D2D50870EC8}.Release|x64.ActiveCfg = Release|Any CPU
		{FE94F76C-FF35-40A1-8F31-8D2D50870EC8}.Release|x64.Build.0 = Release|Any CPU
		{FE94F76C-FF35-40A1-8F31-8D2D50870EC8}.Release|x86.ActiveCfg = Release|Any CPU
		{FE94F76C-FF35-40A1-8F31-8D2D50870EC8}.Release|x86.Build.0 = Release|Any CPU
		{FB146624-0120-4440-A6D5-DE0BD608654E}.Debug|Any CPU.ActiveCfg = Debug|Any CPU
		{FB146624-0120-4440-A6D5-DE0BD608654E}.Debug|Any CPU.Build.0 = Debug|Any CPU
		{FB146624-0120-4440-A6D5-DE0BD608654E}.Debug|x64.ActiveCfg = Debug|Any CPU
		{FB146624-0120-4440-A6D5-DE0BD608654E}.Debug|x64.Build.0 = Debug|Any CPU
		{FB146624-0120-4440-A6D5-DE0BD608654E}.Debug|x86.ActiveCfg = Debug|Any CPU
		{FB146624-0120-4440-A6D5-DE0BD608654E}.Debug|x86.Build.0 = Debug|Any CPU
		{FB146624-0120-4440-A6D5-DE0BD608654E}.Release|Any CPU.ActiveCfg = Release|Any CPU
		{FB146624-0120-4440-A6D5-DE0BD608654E}.Release|Any CPU.Build.0 = Release|Any CPU
		{FB146624-0120-4440-A6D5-DE0BD608654E}.Release|x64.ActiveCfg = Release|Any CPU
		{FB146624-0120-4440-A6D5-DE0BD608654E}.Release|x64.Build.0 = Release|Any CPU
		{FB146624-0120-4440-A6D5-DE0BD608654E}.Release|x86.ActiveCfg = Release|Any CPU
		{FB146624-0120-4440-A6D5-DE0BD608654E}.Release|x86.Build.0 = Release|Any CPU
		{ED0EE28A-31EC-431D-BF2D-2900F120EE7E}.Debug|Any CPU.ActiveCfg = Debug|Any CPU
		{ED0EE28A-31EC-431D-BF2D-2900F120EE7E}.Debug|Any CPU.Build.0 = Debug|Any CPU
		{ED0EE28A-31EC-431D-BF2D-2900F120EE7E}.Debug|x64.ActiveCfg = Debug|Any CPU
		{ED0EE28A-31EC-431D-BF2D-2900F120EE7E}.Debug|x64.Build.0 = Debug|Any CPU
		{ED0EE28A-31EC-431D-BF2D-2900F120EE7E}.Debug|x86.ActiveCfg = Debug|Any CPU
		{ED0EE28A-31EC-431D-BF2D-2900F120EE7E}.Debug|x86.Build.0 = Debug|Any CPU
		{ED0EE28A-31EC-431D-BF2D-2900F120EE7E}.Release|Any CPU.ActiveCfg = Release|Any CPU
		{ED0EE28A-31EC-431D-BF2D-2900F120EE7E}.Release|Any CPU.Build.0 = Release|Any CPU
		{ED0EE28A-31EC-431D-BF2D-2900F120EE7E}.Release|x64.ActiveCfg = Release|Any CPU
		{ED0EE28A-31EC-431D-BF2D-2900F120EE7E}.Release|x64.Build.0 = Release|Any CPU
		{ED0EE28A-31EC-431D-BF2D-2900F120EE7E}.Release|x86.ActiveCfg = Release|Any CPU
		{ED0EE28A-31EC-431D-BF2D-2900F120EE7E}.Release|x86.Build.0 = Release|Any CPU
		{E87D922E-20BE-4CD3-800B-2E4FBF0BF3EF}.Debug|Any CPU.ActiveCfg = Debug|Any CPU
		{E87D922E-20BE-4CD3-800B-2E4FBF0BF3EF}.Debug|Any CPU.Build.0 = Debug|Any CPU
		{E87D922E-20BE-4CD3-800B-2E4FBF0BF3EF}.Debug|x64.ActiveCfg = Debug|Any CPU
		{E87D922E-20BE-4CD3-800B-2E4FBF0BF3EF}.Debug|x64.Build.0 = Debug|Any CPU
		{E87D922E-20BE-4CD3-800B-2E4FBF0BF3EF}.Debug|x86.ActiveCfg = Debug|Any CPU
		{E87D922E-20BE-4CD3-800B-2E4FBF0BF3EF}.Debug|x86.Build.0 = Debug|Any CPU
		{E87D922E-20BE-4CD3-800B-2E4FBF0BF3EF}.Release|Any CPU.ActiveCfg = Release|Any CPU
		{E87D922E-20BE-4CD3-800B-2E4FBF0BF3EF}.Release|Any CPU.Build.0 = Release|Any CPU
		{E87D922E-20BE-4CD3-800B-2E4FBF0BF3EF}.Release|x64.ActiveCfg = Release|Any CPU
		{E87D922E-20BE-4CD3-800B-2E4FBF0BF3EF}.Release|x64.Build.0 = Release|Any CPU
		{E87D922E-20BE-4CD3-800B-2E4FBF0BF3EF}.Release|x86.ActiveCfg = Release|Any CPU
		{E87D922E-20BE-4CD3-800B-2E4FBF0BF3EF}.Release|x86.Build.0 = Release|Any CPU
		{6CB2ADBD-F404-4E96-BC50-5E1C0E1B4508}.Debug|Any CPU.ActiveCfg = Debug|Any CPU
		{6CB2ADBD-F404-4E96-BC50-5E1C0E1B4508}.Debug|Any CPU.Build.0 = Debug|Any CPU
		{6CB2ADBD-F404-4E96-BC50-5E1C0E1B4508}.Debug|x64.ActiveCfg = Debug|Any CPU
		{6CB2ADBD-F404-4E96-BC50-5E1C0E1B4508}.Debug|x64.Build.0 = Debug|Any CPU
		{6CB2ADBD-F404-4E96-BC50-5E1C0E1B4508}.Debug|x86.ActiveCfg = Debug|Any CPU
		{6CB2ADBD-F404-4E96-BC50-5E1C0E1B4508}.Debug|x86.Build.0 = Debug|Any CPU
		{6CB2ADBD-F404-4E96-BC50-5E1C0E1B4508}.Release|Any CPU.ActiveCfg = Release|Any CPU
		{6CB2ADBD-F404-4E96-BC50-5E1C0E1B4508}.Release|Any CPU.Build.0 = Release|Any CPU
		{6CB2ADBD-F404-4E96-BC50-5E1C0E1B4508}.Release|x64.ActiveCfg = Release|Any CPU
		{6CB2ADBD-F404-4E96-BC50-5E1C0E1B4508}.Release|x64.Build.0 = Release|Any CPU
		{6CB2ADBD-F404-4E96-BC50-5E1C0E1B4508}.Release|x86.ActiveCfg = Release|Any CPU
		{6CB2ADBD-F404-4E96-BC50-5E1C0E1B4508}.Release|x86.Build.0 = Release|Any CPU
		{4EF27444-2755-4BBF-A847-EE81AD875459}.Debug|Any CPU.ActiveCfg = Debug|Any CPU
		{4EF27444-2755-4BBF-A847-EE81AD875459}.Debug|Any CPU.Build.0 = Debug|Any CPU
		{4EF27444-2755-4BBF-A847-EE81AD875459}.Debug|x64.ActiveCfg = Debug|Any CPU
		{4EF27444-2755-4BBF-A847-EE81AD875459}.Debug|x64.Build.0 = Debug|Any CPU
		{4EF27444-2755-4BBF-A847-EE81AD875459}.Debug|x86.ActiveCfg = Debug|Any CPU
		{4EF27444-2755-4BBF-A847-EE81AD875459}.Debug|x86.Build.0 = Debug|Any CPU
		{4EF27444-2755-4BBF-A847-EE81AD875459}.Release|Any CPU.ActiveCfg = Release|Any CPU
		{4EF27444-2755-4BBF-A847-EE81AD875459}.Release|Any CPU.Build.0 = Release|Any CPU
		{4EF27444-2755-4BBF-A847-EE81AD875459}.Release|x64.ActiveCfg = Release|Any CPU
		{4EF27444-2755-4BBF-A847-EE81AD875459}.Release|x64.Build.0 = Release|Any CPU
		{4EF27444-2755-4BBF-A847-EE81AD875459}.Release|x86.ActiveCfg = Release|Any CPU
		{4EF27444-2755-4BBF-A847-EE81AD875459}.Release|x86.Build.0 = Release|Any CPU
		{579C09C3-E4D1-4A78-93A1-B9DD74814D0B}.Debug|Any CPU.ActiveCfg = Debug|Any CPU
		{579C09C3-E4D1-4A78-93A1-B9DD74814D0B}.Debug|Any CPU.Build.0 = Debug|Any CPU
		{579C09C3-E4D1-4A78-93A1-B9DD74814D0B}.Debug|x64.ActiveCfg = Debug|Any CPU
		{579C09C3-E4D1-4A78-93A1-B9DD74814D0B}.Debug|x64.Build.0 = Debug|Any CPU
		{579C09C3-E4D1-4A78-93A1-B9DD74814D0B}.Debug|x86.ActiveCfg = Debug|Any CPU
		{579C09C3-E4D1-4A78-93A1-B9DD74814D0B}.Debug|x86.Build.0 = Debug|Any CPU
		{579C09C3-E4D1-4A78-93A1-B9DD74814D0B}.Release|Any CPU.ActiveCfg = Release|Any CPU
		{579C09C3-E4D1-4A78-93A1-B9DD74814D0B}.Release|Any CPU.Build.0 = Release|Any CPU
		{579C09C3-E4D1-4A78-93A1-B9DD74814D0B}.Release|x64.ActiveCfg = Release|Any CPU
		{579C09C3-E4D1-4A78-93A1-B9DD74814D0B}.Release|x64.Build.0 = Release|Any CPU
		{579C09C3-E4D1-4A78-93A1-B9DD74814D0B}.Release|x86.ActiveCfg = Release|Any CPU
		{579C09C3-E4D1-4A78-93A1-B9DD74814D0B}.Release|x86.Build.0 = Release|Any CPU
		{2A896E26-F5C5-49A5-BACC-3317B6470580}.Debug|Any CPU.ActiveCfg = Debug|Any CPU
		{2A896E26-F5C5-49A5-BACC-3317B6470580}.Debug|Any CPU.Build.0 = Debug|Any CPU
		{2A896E26-F5C5-49A5-BACC-3317B6470580}.Debug|x64.ActiveCfg = Debug|Any CPU
		{2A896E26-F5C5-49A5-BACC-3317B6470580}.Debug|x64.Build.0 = Debug|Any CPU
		{2A896E26-F5C5-49A5-BACC-3317B6470580}.Debug|x86.ActiveCfg = Debug|Any CPU
		{2A896E26-F5C5-49A5-BACC-3317B6470580}.Debug|x86.Build.0 = Debug|Any CPU
		{2A896E26-F5C5-49A5-BACC-3317B6470580}.Release|Any CPU.ActiveCfg = Release|Any CPU
		{2A896E26-F5C5-49A5-BACC-3317B6470580}.Release|Any CPU.Build.0 = Release|Any CPU
		{2A896E26-F5C5-49A5-BACC-3317B6470580}.Release|x64.ActiveCfg = Release|Any CPU
		{2A896E26-F5C5-49A5-BACC-3317B6470580}.Release|x64.Build.0 = Release|Any CPU
		{2A896E26-F5C5-49A5-BACC-3317B6470580}.Release|x86.ActiveCfg = Release|Any CPU
		{2A896E26-F5C5-49A5-BACC-3317B6470580}.Release|x86.Build.0 = Release|Any CPU
		{FE8DF83C-12E0-4727-837F-D63667BF6502}.Debug|Any CPU.ActiveCfg = Debug|Any CPU
		{FE8DF83C-12E0-4727-837F-D63667BF6502}.Debug|Any CPU.Build.0 = Debug|Any CPU
		{FE8DF83C-12E0-4727-837F-D63667BF6502}.Debug|x64.ActiveCfg = Debug|Any CPU
		{FE8DF83C-12E0-4727-837F-D63667BF6502}.Debug|x64.Build.0 = Debug|Any CPU
		{FE8DF83C-12E0-4727-837F-D63667BF6502}.Debug|x86.ActiveCfg = Debug|Any CPU
		{FE8DF83C-12E0-4727-837F-D63667BF6502}.Debug|x86.Build.0 = Debug|Any CPU
		{FE8DF83C-12E0-4727-837F-D63667BF6502}.Release|Any CPU.ActiveCfg = Release|Any CPU
		{FE8DF83C-12E0-4727-837F-D63667BF6502}.Release|Any CPU.Build.0 = Release|Any CPU
		{FE8DF83C-12E0-4727-837F-D63667BF6502}.Release|x64.ActiveCfg = Release|Any CPU
		{FE8DF83C-12E0-4727-837F-D63667BF6502}.Release|x64.Build.0 = Release|Any CPU
		{FE8DF83C-12E0-4727-837F-D63667BF6502}.Release|x86.ActiveCfg = Release|Any CPU
		{FE8DF83C-12E0-4727-837F-D63667BF6502}.Release|x86.Build.0 = Release|Any CPU
		{1A1C0EFA-6AD1-415D-8A97-F11AB0F46618}.Debug|Any CPU.ActiveCfg = Debug|Any CPU
		{1A1C0EFA-6AD1-415D-8A97-F11AB0F46618}.Debug|Any CPU.Build.0 = Debug|Any CPU
		{1A1C0EFA-6AD1-415D-8A97-F11AB0F46618}.Debug|x64.ActiveCfg = Debug|Any CPU
		{1A1C0EFA-6AD1-415D-8A97-F11AB0F46618}.Debug|x64.Build.0 = Debug|Any CPU
		{1A1C0EFA-6AD1-415D-8A97-F11AB0F46618}.Debug|x86.ActiveCfg = Debug|Any CPU
		{1A1C0EFA-6AD1-415D-8A97-F11AB0F46618}.Debug|x86.Build.0 = Debug|Any CPU
		{1A1C0EFA-6AD1-415D-8A97-F11AB0F46618}.Release|Any CPU.ActiveCfg = Release|Any CPU
		{1A1C0EFA-6AD1-415D-8A97-F11AB0F46618}.Release|Any CPU.Build.0 = Release|Any CPU
		{1A1C0EFA-6AD1-415D-8A97-F11AB0F46618}.Release|x64.ActiveCfg = Release|Any CPU
		{1A1C0EFA-6AD1-415D-8A97-F11AB0F46618}.Release|x64.Build.0 = Release|Any CPU
		{1A1C0EFA-6AD1-415D-8A97-F11AB0F46618}.Release|x86.ActiveCfg = Release|Any CPU
		{1A1C0EFA-6AD1-415D-8A97-F11AB0F46618}.Release|x86.Build.0 = Release|Any CPU
		{F9E79C02-5194-4B02-BCC7-78EB52F8E50E}.Debug|Any CPU.ActiveCfg = Debug|Any CPU
		{F9E79C02-5194-4B02-BCC7-78EB52F8E50E}.Debug|Any CPU.Build.0 = Debug|Any CPU
		{F9E79C02-5194-4B02-BCC7-78EB52F8E50E}.Debug|x64.ActiveCfg = Debug|Any CPU
		{F9E79C02-5194-4B02-BCC7-78EB52F8E50E}.Debug|x64.Build.0 = Debug|Any CPU
		{F9E79C02-5194-4B02-BCC7-78EB52F8E50E}.Debug|x86.ActiveCfg = Debug|Any CPU
		{F9E79C02-5194-4B02-BCC7-78EB52F8E50E}.Debug|x86.Build.0 = Debug|Any CPU
		{F9E79C02-5194-4B02-BCC7-78EB52F8E50E}.Release|Any CPU.ActiveCfg = Release|Any CPU
		{F9E79C02-5194-4B02-BCC7-78EB52F8E50E}.Release|Any CPU.Build.0 = Release|Any CPU
		{F9E79C02-5194-4B02-BCC7-78EB52F8E50E}.Release|x64.ActiveCfg = Release|Any CPU
		{F9E79C02-5194-4B02-BCC7-78EB52F8E50E}.Release|x64.Build.0 = Release|Any CPU
		{F9E79C02-5194-4B02-BCC7-78EB52F8E50E}.Release|x86.ActiveCfg = Release|Any CPU
		{F9E79C02-5194-4B02-BCC7-78EB52F8E50E}.Release|x86.Build.0 = Release|Any CPU
		{CAB7CDD5-19D2-4309-A585-B3E7D5DBDAAD}.Debug|Any CPU.ActiveCfg = Debug|Any CPU
		{CAB7CDD5-19D2-4309-A585-B3E7D5DBDAAD}.Debug|Any CPU.Build.0 = Debug|Any CPU
		{CAB7CDD5-19D2-4309-A585-B3E7D5DBDAAD}.Debug|x64.ActiveCfg = Debug|Any CPU
		{CAB7CDD5-19D2-4309-A585-B3E7D5DBDAAD}.Debug|x64.Build.0 = Debug|Any CPU
		{CAB7CDD5-19D2-4309-A585-B3E7D5DBDAAD}.Debug|x86.ActiveCfg = Debug|Any CPU
		{CAB7CDD5-19D2-4309-A585-B3E7D5DBDAAD}.Debug|x86.Build.0 = Debug|Any CPU
		{CAB7CDD5-19D2-4309-A585-B3E7D5DBDAAD}.Release|Any CPU.ActiveCfg = Release|Any CPU
		{CAB7CDD5-19D2-4309-A585-B3E7D5DBDAAD}.Release|Any CPU.Build.0 = Release|Any CPU
		{CAB7CDD5-19D2-4309-A585-B3E7D5DBDAAD}.Release|x64.ActiveCfg = Release|Any CPU
		{CAB7CDD5-19D2-4309-A585-B3E7D5DBDAAD}.Release|x64.Build.0 = Release|Any CPU
		{CAB7CDD5-19D2-4309-A585-B3E7D5DBDAAD}.Release|x86.ActiveCfg = Release|Any CPU
		{CAB7CDD5-19D2-4309-A585-B3E7D5DBDAAD}.Release|x86.Build.0 = Release|Any CPU
		{C56942BB-4C4B-43FD-AE40-C71D2421E620}.Debug|Any CPU.ActiveCfg = Debug|Any CPU
		{C56942BB-4C4B-43FD-AE40-C71D2421E620}.Debug|Any CPU.Build.0 = Debug|Any CPU
		{C56942BB-4C4B-43FD-AE40-C71D2421E620}.Debug|x64.ActiveCfg = Debug|Any CPU
		{C56942BB-4C4B-43FD-AE40-C71D2421E620}.Debug|x64.Build.0 = Debug|Any CPU
		{C56942BB-4C4B-43FD-AE40-C71D2421E620}.Debug|x86.ActiveCfg = Debug|Any CPU
		{C56942BB-4C4B-43FD-AE40-C71D2421E620}.Debug|x86.Build.0 = Debug|Any CPU
		{C56942BB-4C4B-43FD-AE40-C71D2421E620}.Release|Any CPU.ActiveCfg = Release|Any CPU
		{C56942BB-4C4B-43FD-AE40-C71D2421E620}.Release|Any CPU.Build.0 = Release|Any CPU
		{C56942BB-4C4B-43FD-AE40-C71D2421E620}.Release|x64.ActiveCfg = Release|Any CPU
		{C56942BB-4C4B-43FD-AE40-C71D2421E620}.Release|x64.Build.0 = Release|Any CPU
		{C56942BB-4C4B-43FD-AE40-C71D2421E620}.Release|x86.ActiveCfg = Release|Any CPU
		{C56942BB-4C4B-43FD-AE40-C71D2421E620}.Release|x86.Build.0 = Release|Any CPU
	EndGlobalSection
	GlobalSection(SolutionProperties) = preSolution
		HideSolutionNode = FALSE
	EndGlobalSection
	GlobalSection(NestedProjects) = preSolution
		{2B3BBCB9-5FF0-936D-1E46-FF3628A685EC} = {827E0CD3-B72D-47B6-A68D-7590B98EB39B}
		{B45CBF1B-986E-1CDA-BFA9-FEA7FBA48F0C} = {2B3BBCB9-5FF0-936D-1E46-FF3628A685EC}
		{499554A0-5E08-E61F-AE8B-6965DEFB5057} = {B45CBF1B-986E-1CDA-BFA9-FEA7FBA48F0C}
		{079C1EEF-8406-4A5F-84AC-1F5ACE053D44} = {499554A0-5E08-E61F-AE8B-6965DEFB5057}
		{C8E42992-5E42-0C2B-DBFE-AA848D06431C} = {827E0CD3-B72D-47B6-A68D-7590B98EB39B}
		{653321EE-8459-8F0C-2B73-83632013A9E2} = {C8E42992-5E42-0C2B-DBFE-AA848D06431C}
		{1FC98543-8481-496B-AAF5-CD1BD97A332A} = {653321EE-8459-8F0C-2B73-83632013A9E2}
		{BF06A609-9020-F3AD-DA42-2CC59AFA09F1} = {B45CBF1B-986E-1CDA-BFA9-FEA7FBA48F0C}
		{CAD4602D-09A1-4CC1-A7DF-141AD9916D1A} = {BF06A609-9020-F3AD-DA42-2CC59AFA09F1}
		{9879F9DB-0392-E7E9-C30F-5253536AFE4A} = {C8E42992-5E42-0C2B-DBFE-AA848D06431C}
		{AEE8C582-9E89-4368-A45E-A9580EF372C8} = {9879F9DB-0392-E7E9-C30F-5253536AFE4A}
		{BD92D4ED-DD1E-09B8-146C-5EDFF38683C0} = {B45CBF1B-986E-1CDA-BFA9-FEA7FBA48F0C}
		{D03DA0DD-079F-4498-9E0B-810B99FE4D58} = {BD92D4ED-DD1E-09B8-146C-5EDFF38683C0}
		{DE8F3A56-014D-BB97-42ED-A0C824BFA6BF} = {B45CBF1B-986E-1CDA-BFA9-FEA7FBA48F0C}
		{5F6B2449-468E-46DC-B93F-E247C5629B38} = {DE8F3A56-014D-BB97-42ED-A0C824BFA6BF}
		{18682D97-3D1A-F2C5-0E44-F9DC3996191A} = {2B3BBCB9-5FF0-936D-1E46-FF3628A685EC}
		{A4F4772E-53E3-E63E-950F-1FCBD1DACDD4} = {18682D97-3D1A-F2C5-0E44-F9DC3996191A}
		{3732EC70-15C0-436A-AE1F-6F6AD48A0AC1} = {A4F4772E-53E3-E63E-950F-1FCBD1DACDD4}
		{9A7317FD-99C2-B81C-0062-F47670C80340} = {18682D97-3D1A-F2C5-0E44-F9DC3996191A}
		{E5B0701A-E433-46E5-A0A1-67ED049A77CA} = {9A7317FD-99C2-B81C-0062-F47670C80340}
		{961B1BB3-222B-8333-D20A-FBA293E9F2FE} = {18682D97-3D1A-F2C5-0E44-F9DC3996191A}
		{1A5D116B-A989-4BE8-A983-82C70A257058} = {961B1BB3-222B-8333-D20A-FBA293E9F2FE}
		{B8BF4C11-6548-7F93-BA07-2066ACFE9112} = {18682D97-3D1A-F2C5-0E44-F9DC3996191A}
		{FE94F76C-FF35-40A1-8F31-8D2D50870EC8} = {B8BF4C11-6548-7F93-BA07-2066ACFE9112}
		{45ED5631-0ED2-C716-0095-C5A03C531775} = {2B3BBCB9-5FF0-936D-1E46-FF3628A685EC}
		{66501245-C4AC-9EC1-8A94-B164BBFC4CC7} = {45ED5631-0ED2-C716-0095-C5A03C531775}
		{FB146624-0120-4440-A6D5-DE0BD608654E} = {66501245-C4AC-9EC1-8A94-B164BBFC4CC7}
		{0B5A7B8B-8BC0-6F72-9972-3BB08E81B43A} = {45ED5631-0ED2-C716-0095-C5A03C531775}
		{ED0EE28A-31EC-431D-BF2D-2900F120EE7E} = {0B5A7B8B-8BC0-6F72-9972-3BB08E81B43A}
		{978110D5-4095-B0CB-8C51-F96FE72AF30A} = {45ED5631-0ED2-C716-0095-C5A03C531775}
		{E87D922E-20BE-4CD3-800B-2E4FBF0BF3EF} = {978110D5-4095-B0CB-8C51-F96FE72AF30A}
		{96C59E81-F878-DD84-3B86-C750D09E9143} = {45ED5631-0ED2-C716-0095-C5A03C531775}
		{6CB2ADBD-F404-4E96-BC50-5E1C0E1B4508} = {96C59E81-F878-DD84-3B86-C750D09E9143}
		{63882A7C-90E5-DEE3-63BB-E6ABDBC8A365} = {827E0CD3-B72D-47B6-A68D-7590B98EB39B}
		{4EF27444-2755-4BBF-A847-EE81AD875459} = {63882A7C-90E5-DEE3-63BB-E6ABDBC8A365}
		{08179FBA-AEB8-7AF7-21CF-6B348021C333} = {827E0CD3-B72D-47B6-A68D-7590B98EB39B}
		{579C09C3-E4D1-4A78-93A1-B9DD74814D0B} = {08179FBA-AEB8-7AF7-21CF-6B348021C333}
		{B5512AA7-7B9B-1802-74DB-5DED17EB80F5} = {827E0CD3-B72D-47B6-A68D-7590B98EB39B}
		{2A896E26-F5C5-49A5-BACC-3317B6470580} = {B5512AA7-7B9B-1802-74DB-5DED17EB80F5}
		{FE8DF83C-12E0-4727-837F-D63667BF6502} = {0AB3BF05-4346-4AA6-1389-037BE0695223}
		{1A1C0EFA-6AD1-415D-8A97-F11AB0F46618} = {0AB3BF05-4346-4AA6-1389-037BE0695223}
		{F9E79C02-5194-4B02-BCC7-78EB52F8E50E} = {0AB3BF05-4346-4AA6-1389-037BE0695223}
		{CAB7CDD5-19D2-4309-A585-B3E7D5DBDAAD} = {0AB3BF05-4346-4AA6-1389-037BE0695223}
		{C56942BB-4C4B-43FD-AE40-C71D2421E620} = {0AB3BF05-4346-4AA6-1389-037BE0695223}
	EndGlobalSection
EndGlobal
