
Microsoft Visual Studio Solution File, Format Version 12.00
# Visual Studio Version 17
VisualStudioVersion = 17.0.31903.59
MinimumVisualStudioVersion = 10.0.40219.1
Project("{2150E333-8FDC-42A3-9474-1A3956D46DE8}") = "src", "src", "{827E0CD3-B72D-47B6-A68D-7590B98EB39B}"
EndProject
Project("{2150E333-8FDC-42A3-9474-1A3956D46DE8}") = "building-blocks", "building-blocks", "{C13E73B6-616D-3195-CD22-1E55A7D1F969}"
EndProject
Project("{2150E333-8FDC-42A3-9474-1A3956D46DE8}") = "SharedKernel", "SharedKernel", "{0691B57A-016E-CC34-00A2-3232A94D6774}"
EndProject
Project("{FAE04EC0-301F-11D3-BF4B-00C04F79EFBC}") = "HealthTech.BuildingBlocks.SharedKernel", "src\building-blocks\SharedKernel\HealthTech.BuildingBlocks.SharedKernel.csproj", "{0AE35F2E-82D8-48C7-9BCC-930B40B7EE2D}"
EndProject
Project("{2150E333-8FDC-42A3-9474-1A3956D46DE8}") = "Abstractions", "Abstractions", "{17398E91-D91F-340C-59F4-1EE173D477A0}"
EndProject
Project("{FAE04EC0-301F-11D3-BF4B-00C04F79EFBC}") = "HealthTech.BuildingBlocks.Abstractions", "src\building-blocks\Abstractions\HealthTech.BuildingBlocks.Abstractions.csproj", "{BC988A2B-F816-4F6A-B4C9-CDF6BDDC3717}"
EndProject
Project("{2150E333-8FDC-42A3-9474-1A3956D46DE8}") = "services", "services", "{984BB9B3-3FA3-BE33-9484-CAC21695A33C}"
EndProject
Project("{2150E333-8FDC-42A3-9474-1A3956D46DE8}") = "Patients", "Patients", "{0F7B896F-8F20-A128-DE69-B3ECEFF261A9}"
EndProject
Project("{2150E333-8FDC-42A3-9474-1A3956D46DE8}") = "Patients.Api", "Patients.Api", "{1F3947EB-E5A7-D4BC-7D18-598BC1F3E5A7}"
EndProject
Project("{FAE04EC0-301F-11D3-BF4B-00C04F79EFBC}") = "HealthTech.Patients.Api", "src\services\Patients\Patients.Api\HealthTech.Patients.Api.csproj", "{9655DF01-16E3-44E5-AFB2-94555025C6E7}"
EndProject
Project("{FAE04EC0-301F-11D3-BF4B-00C04F79EFBC}") = "HealthTech.Patients.Application", "src\services\Patients\Patients.Application\HealthTech.Patients.Application.csproj", "{CEBE1C78-646E-4A69-B261-414EBAA7459F}"
EndProject
Project("{FAE04EC0-301F-11D3-BF4B-00C04F79EFBC}") = "HealthTech.Patients.Domain", "src\services\Patients\Patients.Domain\HealthTech.Patients.Domain.csproj", "{352D00C4-135E-4D67-822C-C050A763EDA7}"
EndProject
Project("{FAE04EC0-301F-11D3-BF4B-00C04F79EFBC}") = "HealthTech.Patients.Infrastructure", "src\services\Patients\Patients.Infrastructure\HealthTech.Patients.Infrastructure.csproj", "{874E7206-992C-489F-83F5-3A47D6F9643B}"
EndProject
Project("{2150E333-8FDC-42A3-9474-1A3956D46DE8}") = "Appointments", "Appointments", "{18CD5D4C-C90B-F91A-C84E-055041F9F9F9}"
EndProject
Project("{2150E333-8FDC-42A3-9474-1A3956D46DE8}") = "Appointments.Api", "Appointments.Api", "{0C74EC83-CADA-D1AA-32D8-8BB46D5A82F0}"
EndProject
Project("{FAE04EC0-301F-11D3-BF4B-00C04F79EFBC}") = "HealthTech.Appointments.Api", "src\services\Appointments\Appointments.Api\HealthTech.Appointments.Api.csproj", "{6EB7CCED-ADFF-4901-966D-69E234C78B29}"
EndProject
Project("{FAE04EC0-301F-11D3-BF4B-00C04F79EFBC}") = "HealthTech.Appointments.Application", "src\services\Appointments\Appointments.Application\HealthTech.Appointments.Application.csproj", "{A1F171D8-39C5-483D-AC3E-56787B184FFD}"
EndProject
Project("{FAE04EC0-301F-11D3-BF4B-00C04F79EFBC}") = "HealthTech.Appointments.Domain", "src\services\Appointments\Appointments.Domain\HealthTech.Appointments.Domain.csproj", "{07CEB35E-FC4E-47FC-A2FC-1385DD3E07F8}"
EndProject
Project("{FAE04EC0-301F-11D3-BF4B-00C04F79EFBC}") = "HealthTech.Appointments.Infrastructure", "src\services\Appointments\Appointments.Infrastructure\HealthTech.Appointments.Infrastructure.csproj", "{2CCBC6F5-6AC4-42EB-8AF1-7996AF8744D7}"
EndProject
Project("{2150E333-8FDC-42A3-9474-1A3956D46DE8}") = "Identity", "Identity", "{1BFC9479-12BF-35C3-06B8-42D89D95092B}"
EndProject
Project("{2150E333-8FDC-42A3-9474-1A3956D46DE8}") = "Identity.Api", "Identity.Api", "{08275E4F-9D48-4557-7502-064122A05153}"
EndProject
Project("{FAE04EC0-301F-11D3-BF4B-00C04F79EFBC}") = "HealthTech.Identity.Api", "src\services\Identity\Identity.Api\HealthTech.Identity.Api.csproj", "{F16924D6-9020-4289-9366-BA1DB28288F0}"
EndProject
Project("{FAE04EC0-301F-11D3-BF4B-00C04F79EFBC}") = "HealthTech.Identity.Application", "src\services\Identity\Identity.Application\HealthTech.Identity.Application.csproj", "{C085460D-4B6E-468B-9BE8-91E42074BF37}"
EndProject
Project("{FAE04EC0-301F-11D3-BF4B-00C04F79EFBC}") = "HealthTech.Identity.Domain", "src\services\Identity\Identity.Domain\HealthTech.Identity.Domain.csproj", "{C31E7F32-B32F-4494-9AF1-476AC7719CB4}"
EndProject
Project("{FAE04EC0-301F-11D3-BF4B-00C04F79EFBC}") = "HealthTech.Identity.Infrastructure", "src\services\Identity\Identity.Infrastructure\HealthTech.Identity.Infrastructure.csproj", "{42CF600E-AD15-417A-B687-58C8643F65DA}"
EndProject
Project("{2150E333-8FDC-42A3-9474-1A3956D46DE8}") = "gateway", "gateway", "{6306A8FB-679E-111F-6585-8F70E0EE6013}"
EndProject
Project("{FAE04EC0-301F-11D3-BF4B-00C04F79EFBC}") = "HealthTech.Gateway", "src\gateway\HealthTech.Gateway.csproj", "{A2C5261E-29FF-4D08-A5BA-8EE8800767CA}"
EndProject
Project("{2150E333-8FDC-42A3-9474-1A3956D46DE8}") = "apphost", "apphost", "{63882A7C-90E5-DEE3-63BB-E6ABDBC8A365}"
EndProject
Project("{FAE04EC0-301F-11D3-BF4B-00C04F79EFBC}") = "HealthTech.AppHost", "src\apphost\HealthTech.AppHost.csproj", "{A800594F-9A9C-4B78-9983-4130828E5508}"
EndProject
Project("{2150E333-8FDC-42A3-9474-1A3956D46DE8}") = "frontends", "frontends", "{FD11E8FD-FA37-D09A-0E3B-962F97776DA7}"
EndProject
Project("{2150E333-8FDC-42A3-9474-1A3956D46DE8}") = "app-shell", "app-shell", "{4D2E7B1B-2526-EBBC-F6B3-37229C795DD3}"
EndProject
Project("{FAE04EC0-301F-11D3-BF4B-00C04F79EFBC}") = "HealthTech.AppShell", "src\frontends\app-shell\HealthTech.AppShell.csproj", "{1D15B8CF-C2C5-41D9-B69C-BDE4B05BEBF2}"
EndProject
Project("{2150E333-8FDC-42A3-9474-1A3956D46DE8}") = "mf-patient", "mf-patient", "{C13D1D1E-F56B-E13F-2CB3-41C225EB9028}"
EndProject
Project("{FAE04EC0-301F-11D3-BF4B-00C04F79EFBC}") = "HealthTech.mf.patient", "src\frontends\mf-patient\HealthTech.mf.patient.csproj", "{24A2D484-1155-4459-B861-5A312E37C22C}"
EndProject
Project("{2150E333-8FDC-42A3-9474-1A3956D46DE8}") = "mf-appointment", "mf-appointment", "{EC13D640-B63E-5DF5-8423-78F5754BCB04}"
EndProject
Project("{FAE04EC0-301F-11D3-BF4B-00C04F79EFBC}") = "HealthTech.mf.appointment", "src\frontends\mf-appointment\HealthTech.mf.appointment.csproj", "{2AE4552D-A806-4312-83FF-48BCA0AC7D8B}"
EndProject
Project("{2150E333-8FDC-42A3-9474-1A3956D46DE8}") = "mf-ehr", "mf-ehr", "{D0EA2945-A714-1FCD-8E4D-522B2AAF6602}"
EndProject
Project("{FAE04EC0-301F-11D3-BF4B-00C04F79EFBC}") = "HealthTech.mf.ehr", "src\frontends\mf-ehr\HealthTech.mf.ehr.csproj", "{3C1906DD-01DE-4C8A-AE7D-E61180A86680}"
EndProject
Project("{2150E333-8FDC-42A3-9474-1A3956D46DE8}") = "mf-billing", "mf-billing", "{FA49C31E-91F7-FF19-6028-9B3D7133ABE9}"
EndProject
Project("{FAE04EC0-301F-11D3-BF4B-00C04F79EFBC}") = "HealthTech.mf.billing", "src\frontends\mf-billing\HealthTech.mf.billing.csproj", "{C1FCE134-ED4B-482A-BE54-37DECD357735}"
EndProject
Project("{2150E333-8FDC-42A3-9474-1A3956D46DE8}") = "ui-kit", "ui-kit", "{83D8EDDF-4362-4EAC-9DFF-24DE79F1740B}"
EndProject
Project("{FAE04EC0-301F-11D3-BF4B-00C04F79EFBC}") = "HealthTech.ui.kit", "src\frontends\ui-kit\HealthTech.ui.kit.csproj", "{C1543FD9-44DE-4DE9-949C-5AC6527AC45A}"
EndProject
Project("{2150E333-8FDC-42A3-9474-1A3956D46DE8}") = "tests", "tests", "{0AB3BF05-4346-4AA6-1389-037BE0695223}"
EndProject
Project("{FAE04EC0-301F-11D3-BF4B-00C04F79EFBC}") = "HealthTech.Patients.Tests", "tests\HealthTech.Patients.Tests\HealthTech.Patients.Tests.csproj", "{5DE15181-4B88-41AB-9A7E-576140A2A60F}"
EndProject
Project("{2150E333-8FDC-42A3-9474-1A3956D46DE8}") = "Patients.Application", "Patients.Application", "{0806B048-0DFF-A98F-58B8-0A0F513B63E0}"
EndProject
Project("{2150E333-8FDC-42A3-9474-1A3956D46DE8}") = "Patients.Domain", "Patients.Domain", "{5493BACB-7777-1B6E-F610-E55917F9DD2B}"
EndProject
Project("{FAE04EC0-301F-11D3-BF4B-00C04F79EFBC}") = "HealthTech.Appointments.Tests", "tests\HealthTech.Appointments.Tests\HealthTech.Appointments.Tests.csproj", "{A39DCEAE-9FEA-4FFE-BE21-AEA83549FCD4}"
EndProject
Project("{2150E333-8FDC-42A3-9474-1A3956D46DE8}") = "Appointments.Application", "Appointments.Application", "{30DE8BE3-29A0-245F-54CC-A451D0813DFC}"
EndProject
Project("{2150E333-8FDC-42A3-9474-1A3956D46DE8}") = "Appointments.Domain", "Appointments.Domain", "{03247192-30A1-72AC-BDB9-6FC54C524DD5}"
EndProject
Project("{FAE04EC0-301F-11D3-BF4B-00C04F79EFBC}") = "HealthTech.Gateway.Tests", "tests\HealthTech.Gateway.Tests\HealthTech.Gateway.Tests.csproj", "{44427564-1E7F-4ECB-94F8-71973322E83F}"
EndProject
Project("{FAE04EC0-301F-11D3-BF4B-00C04F79EFBC}") = "HealthTech.Database.Tests", "tests\HealthTech.Database.Tests\HealthTech.Database.Tests.csproj", "{E776CE61-CCE8-4651-BD8C-AAA7C8C67A59}"
EndProject
Project("{FAE04EC0-301F-11D3-BF4B-00C04F79EFBC}") = "HealthTech.FrontendClients.Tests", "tests\HealthTech.FrontendClients.Tests\HealthTech.FrontendClients.Tests.csproj", "{28562102-DFCB-406B-86AC-FA7A5B073903}"
EndProject
Global
	GlobalSection(SolutionConfigurationPlatforms) = preSolution
		Debug|Any CPU = Debug|Any CPU
		Debug|x64 = Debug|x64
		Debug|x86 = Debug|x86
		Release|Any CPU = Release|Any CPU
		Release|x64 = Release|x64
		Release|x86 = Release|x86
	EndGlobalSection
	GlobalSection(ProjectConfigurationPlatforms) = postSolution
		{0AE35F2E-82D8-48C7-9BCC-930B40B7EE2D}.Debug|Any CPU.ActiveCfg = Debug|Any CPU
		{0AE35F2E-82D8-48C7-9BCC-930B40B7EE2D}.Debug|Any CPU.Build.0 = Debug|Any CPU
		{0AE35F2E-82D8-48C7-9BCC-930B40B7EE2D}.Debug|x64.ActiveCfg = Debug|Any CPU
		{0AE35F2E-82D8-48C7-9BCC-930B40B7EE2D}.Debug|x64.Build.0 = Debug|Any CPU
		{0AE35F2E-82D8-48C7-9BCC-930B40B7EE2D}.Debug|x86.ActiveCfg = Debug|Any CPU
		{0AE35F2E-82D8-48C7-9BCC-930B40B7EE2D}.Debug|x86.Build.0 = Debug|Any CPU
		{0AE35F2E-82D8-48C7-9BCC-930B40B7EE2D}.Release|Any CPU.ActiveCfg = Release|Any CPU
		{0AE35F2E-82D8-48C7-9BCC-930B40B7EE2D}.Release|Any CPU.Build.0 = Release|Any CPU
		{0AE35F2E-82D8-48C7-9BCC-930B40B7EE2D}.Release|x64.ActiveCfg = Release|Any CPU
		{0AE35F2E-82D8-48C7-9BCC-930B40B7EE2D}.Release|x64.Build.0 = Release|Any CPU
		{0AE35F2E-82D8-48C7-9BCC-930B40B7EE2D}.Release|x86.ActiveCfg = Release|Any CPU
		{0AE35F2E-82D8-48C7-9BCC-930B40B7EE2D}.Release|x86.Build.0 = Release|Any CPU
		{BC988A2B-F816-4F6A-B4C9-CDF6BDDC3717}.Debug|Any CPU.ActiveCfg = Debug|Any CPU
		{BC988A2B-F816-4F6A-B4C9-CDF6BDDC3717}.Debug|Any CPU.Build.0 = Debug|Any CPU
		{BC988A2B-F816-4F6A-B4C9-CDF6BDDC3717}.Debug|x64.ActiveCfg = Debug|Any CPU
		{BC988A2B-F816-4F6A-B4C9-CDF6BDDC3717}.Debug|x64.Build.0 = Debug|Any CPU
		{BC988A2B-F816-4F6A-B4C9-CDF6BDDC3717}.Debug|x86.ActiveCfg = Debug|Any CPU
		{BC988A2B-F816-4F6A-B4C9-CDF6BDDC3717}.Debug|x86.Build.0 = Debug|Any CPU
		{BC988A2B-F816-4F6A-B4C9-CDF6BDDC3717}.Release|Any CPU.ActiveCfg = Release|Any CPU
		{BC988A2B-F816-4F6A-B4C9-CDF6BDDC3717}.Release|Any CPU.Build.0 = Release|Any CPU
		{BC988A2B-F816-4F6A-B4C9-CDF6BDDC3717}.Release|x64.ActiveCfg = Release|Any CPU
		{BC988A2B-F816-4F6A-B4C9-CDF6BDDC3717}.Release|x64.Build.0 = Release|Any CPU
		{BC988A2B-F816-4F6A-B4C9-CDF6BDDC3717}.Release|x86.ActiveCfg = Release|Any CPU
		{BC988A2B-F816-4F6A-B4C9-CDF6BDDC3717}.Release|x86.Build.0 = Release|Any CPU
		{9655DF01-16E3-44E5-AFB2-94555025C6E7}.Debug|Any CPU.ActiveCfg = Debug|Any CPU
		{9655DF01-16E3-44E5-AFB2-94555025C6E7}.Debug|Any CPU.Build.0 = Debug|Any CPU
		{9655DF01-16E3-44E5-AFB2-94555025C6E7}.Debug|x64.ActiveCfg = Debug|Any CPU
		{9655DF01-16E3-44E5-AFB2-94555025C6E7}.Debug|x64.Build.0 = Debug|Any CPU
		{9655DF01-16E3-44E5-AFB2-94555025C6E7}.Debug|x86.ActiveCfg = Debug|Any CPU
		{9655DF01-16E3-44E5-AFB2-94555025C6E7}.Debug|x86.Build.0 = Debug|Any CPU
		{9655DF01-16E3-44E5-AFB2-94555025C6E7}.Release|Any CPU.ActiveCfg = Release|Any CPU
		{9655DF01-16E3-44E5-AFB2-94555025C6E7}.Release|Any CPU.Build.0 = Release|Any CPU
		{9655DF01-16E3-44E5-AFB2-94555025C6E7}.Release|x64.ActiveCfg = Release|Any CPU
		{9655DF01-16E3-44E5-AFB2-94555025C6E7}.Release|x64.Build.0 = Release|Any CPU
		{9655DF01-16E3-44E5-AFB2-94555025C6E7}.Release|x86.ActiveCfg = Release|Any CPU
		{9655DF01-16E3-44E5-AFB2-94555025C6E7}.Release|x86.Build.0 = Release|Any CPU
		{CEBE1C78-646E-4A69-B261-414EBAA7459F}.Debug|Any CPU.ActiveCfg = Debug|Any CPU
		{CEBE1C78-646E-4A69-B261-414EBAA7459F}.Debug|Any CPU.Build.0 = Debug|Any CPU
		{CEBE1C78-646E-4A69-B261-414EBAA7459F}.Debug|x64.ActiveCfg = Debug|Any CPU
		{CEBE1C78-646E-4A69-B261-414EBAA7459F}.Debug|x64.Build.0 = Debug|Any CPU
		{CEBE1C78-646E-4A69-B261-414EBAA7459F}.Debug|x86.ActiveCfg = Debug|Any CPU
		{CEBE1C78-646E-4A69-B261-414EBAA7459F}.Debug|x86.Build.0 = Debug|Any CPU
		{CEBE1C78-646E-4A69-B261-414EBAA7459F}.Release|Any CPU.ActiveCfg = Release|Any CPU
		{CEBE1C78-646E-4A69-B261-414EBAA7459F}.Release|Any CPU.Build.0 = Release|Any CPU
		{CEBE1C78-646E-4A69-B261-414EBAA7459F}.Release|x64.ActiveCfg = Release|Any CPU
		{CEBE1C78-646E-4A69-B261-414EBAA7459F}.Release|x64.Build.0 = Release|Any CPU
		{CEBE1C78-646E-4A69-B261-414EBAA7459F}.Release|x86.ActiveCfg = Release|Any CPU
		{CEBE1C78-646E-4A69-B261-414EBAA7459F}.Release|x86.Build.0 = Release|Any CPU
		{352D00C4-135E-4D67-822C-C050A763EDA7}.Debug|Any CPU.ActiveCfg = Debug|Any CPU
		{352D00C4-135E-4D67-822C-C050A763EDA7}.Debug|Any CPU.Build.0 = Debug|Any CPU
		{352D00C4-135E-4D67-822C-C050A763EDA7}.Debug|x64.ActiveCfg = Debug|Any CPU
		{352D00C4-135E-4D67-822C-C050A763EDA7}.Debug|x64.Build.0 = Debug|Any CPU
		{352D00C4-135E-4D67-822C-C050A763EDA7}.Debug|x86.ActiveCfg = Debug|Any CPU
		{352D00C4-135E-4D67-822C-C050A763EDA7}.Debug|x86.Build.0 = Debug|Any CPU
		{352D00C4-135E-4D67-822C-C050A763EDA7}.Release|Any CPU.ActiveCfg = Release|Any CPU
		{352D00C4-135E-4D67-822C-C050A763EDA7}.Release|Any CPU.Build.0 = Release|Any CPU
		{352D00C4-135E-4D67-822C-C050A763EDA7}.Release|x64.ActiveCfg = Release|Any CPU
		{352D00C4-135E-4D67-822C-C050A763EDA7}.Release|x64.Build.0 = Release|Any CPU
		{352D00C4-135E-4D67-822C-C050A763EDA7}.Release|x86.ActiveCfg = Release|Any CPU
		{352D00C4-135E-4D67-822C-C050A763EDA7}.Release|x86.Build.0 = Release|Any CPU
		{874E7206-992C-489F-83F5-3A47D6F9643B}.Debug|Any CPU.ActiveCfg = Debug|Any CPU
		{874E7206-992C-489F-83F5-3A47D6F9643B}.Debug|Any CPU.Build.0 = Debug|Any CPU
		{874E7206-992C-489F-83F5-3A47D6F9643B}.Debug|x64.ActiveCfg = Debug|Any CPU
		{874E7206-992C-489F-83F5-3A47D6F9643B}.Debug|x64.Build.0 = Debug|Any CPU
		{874E7206-992C-489F-83F5-3A47D6F9643B}.Debug|x86.ActiveCfg = Debug|Any CPU
		{874E7206-992C-489F-83F5-3A47D6F9643B}.Debug|x86.Build.0 = Debug|Any CPU
		{874E7206-992C-489F-83F5-3A47D6F9643B}.Release|Any CPU.ActiveCfg = Release|Any CPU
		{874E7206-992C-489F-83F5-3A47D6F9643B}.Release|Any CPU.Build.0 = Release|Any CPU
		{874E7206-992C-489F-83F5-3A47D6F9643B}.Release|x64.ActiveCfg = Release|Any CPU
		{874E7206-992C-489F-83F5-3A47D6F9643B}.Release|x64.Build.0 = Release|Any CPU
		{874E7206-992C-489F-83F5-3A47D6F9643B}.Release|x86.ActiveCfg = Release|Any CPU
		{874E7206-992C-489F-83F5-3A47D6F9643B}.Release|x86.Build.0 = Release|Any CPU
		{6EB7CCED-ADFF-4901-966D-69E234C78B29}.Debug|Any CPU.ActiveCfg = Debug|Any CPU
		{6EB7CCED-ADFF-4901-966D-69E234C78B29}.Debug|Any CPU.Build.0 = Debug|Any CPU
		{6EB7CCED-ADFF-4901-966D-69E234C78B29}.Debug|x64.ActiveCfg = Debug|Any CPU
		{6EB7CCED-ADFF-4901-966D-69E234C78B29}.Debug|x64.Build.0 = Debug|Any CPU
		{6EB7CCED-ADFF-4901-966D-69E234C78B29}.Debug|x86.ActiveCfg = Debug|Any CPU
		{6EB7CCED-ADFF-4901-966D-69E234C78B29}.Debug|x86.Build.0 = Debug|Any CPU
		{6EB7CCED-ADFF-4901-966D-69E234C78B29}.Release|Any CPU.ActiveCfg = Release|Any CPU
		{6EB7CCED-ADFF-4901-966D-69E234C78B29}.Release|Any CPU.Build.0 = Release|Any CPU
		{6EB7CCED-ADFF-4901-966D-69E234C78B29}.Release|x64.ActiveCfg = Release|Any CPU
		{6EB7CCED-ADFF-4901-966D-69E234C78B29}.Release|x64.Build.0 = Release|Any CPU
		{6EB7CCED-ADFF-4901-966D-69E234C78B29}.Release|x86.ActiveCfg = Release|Any CPU
		{6EB7CCED-ADFF-4901-966D-69E234C78B29}.Release|x86.Build.0 = Release|Any CPU
		{A1F171D8-39C5-483D-AC3E-56787B184FFD}.Debug|Any CPU.ActiveCfg = Debug|Any CPU
		{A1F171D8-39C5-483D-AC3E-56787B184FFD}.Debug|Any CPU.Build.0 = Debug|Any CPU
		{A1F171D8-39C5-483D-AC3E-56787B184FFD}.Debug|x64.ActiveCfg = Debug|Any CPU
		{A1F171D8-39C5-483D-AC3E-56787B184FFD}.Debug|x64.Build.0 = Debug|Any CPU
		{A1F171D8-39C5-483D-AC3E-56787B184FFD}.Debug|x86.ActiveCfg = Debug|Any CPU
		{A1F171D8-39C5-483D-AC3E-56787B184FFD}.Debug|x86.Build.0 = Debug|Any CPU
		{A1F171D8-39C5-483D-AC3E-56787B184FFD}.Release|Any CPU.ActiveCfg = Release|Any CPU
		{A1F171D8-39C5-483D-AC3E-56787B184FFD}.Release|Any CPU.Build.0 = Release|Any CPU
		{A1F171D8-39C5-483D-AC3E-56787B184FFD}.Release|x64.ActiveCfg = Release|Any CPU
		{A1F171D8-39C5-483D-AC3E-56787B184FFD}.Release|x64.Build.0 = Release|Any CPU
		{A1F171D8-39C5-483D-AC3E-56787B184FFD}.Release|x86.ActiveCfg = Release|Any CPU
		{A1F171D8-39C5-483D-AC3E-56787B184FFD}.Release|x86.Build.0 = Release|Any CPU
		{07CEB35E-FC4E-47FC-A2FC-1385DD3E07F8}.Debug|Any CPU.ActiveCfg = Debug|Any CPU
		{07CEB35E-FC4E-47FC-A2FC-1385DD3E07F8}.Debug|Any CPU.Build.0 = Debug|Any CPU
		{07CEB35E-FC4E-47FC-A2FC-1385DD3E07F8}.Debug|x64.ActiveCfg = Debug|Any CPU
		{07CEB35E-FC4E-47FC-A2FC-1385DD3E07F8}.Debug|x64.Build.0 = Debug|Any CPU
		{07CEB35E-FC4E-47FC-A2FC-1385DD3E07F8}.Debug|x86.ActiveCfg = Debug|Any CPU
		{07CEB35E-FC4E-47FC-A2FC-1385DD3E07F8}.Debug|x86.Build.0 = Debug|Any CPU
		{07CEB35E-FC4E-47FC-A2FC-1385DD3E07F8}.Release|Any CPU.ActiveCfg = Release|Any CPU
		{07CEB35E-FC4E-47FC-A2FC-1385DD3E07F8}.Release|Any CPU.Build.0 = Release|Any CPU
		{07CEB35E-FC4E-47FC-A2FC-1385DD3E07F8}.Release|x64.ActiveCfg = Release|Any CPU
		{07CEB35E-FC4E-47FC-A2FC-1385DD3E07F8}.Release|x64.Build.0 = Release|Any CPU
		{07CEB35E-FC4E-47FC-A2FC-1385DD3E07F8}.Release|x86.ActiveCfg = Release|Any CPU
		{07CEB35E-FC4E-47FC-A2FC-1385DD3E07F8}.Release|x86.Build.0 = Release|Any CPU
		{2CCBC6F5-6AC4-42EB-8AF1-7996AF8744D7}.Debug|Any CPU.ActiveCfg = Debug|Any CPU
		{2CCBC6F5-6AC4-42EB-8AF1-7996AF8744D7}.Debug|Any CPU.Build.0 = Debug|Any CPU
		{2CCBC6F5-6AC4-42EB-8AF1-7996AF8744D7}.Debug|x64.ActiveCfg = Debug|Any CPU
		{2CCBC6F5-6AC4-42EB-8AF1-7996AF8744D7}.Debug|x64.Build.0 = Debug|Any CPU
		{2CCBC6F5-6AC4-42EB-8AF1-7996AF8744D7}.Debug|x86.ActiveCfg = Debug|Any CPU
		{2CCBC6F5-6AC4-42EB-8AF1-7996AF8744D7}.Debug|x86.Build.0 = Debug|Any CPU
		{2CCBC6F5-6AC4-42EB-8AF1-7996AF8744D7}.Release|Any CPU.ActiveCfg = Release|Any CPU
		{2CCBC6F5-6AC4-42EB-8AF1-7996AF8744D7}.Release|Any CPU.Build.0 = Release|Any CPU
		{2CCBC6F5-6AC4-42EB-8AF1-7996AF8744D7}.Release|x64.ActiveCfg = Release|Any CPU
		{2CCBC6F5-6AC4-42EB-8AF1-7996AF8744D7}.Release|x64.Build.0 = Release|Any CPU
		{2CCBC6F5-6AC4-42EB-8AF1-7996AF8744D7}.Release|x86.ActiveCfg = Release|Any CPU
		{2CCBC6F5-6AC4-42EB-8AF1-7996AF8744D7}.Release|x86.Build.0 = Release|Any CPU
		{F16924D6-9020-4289-9366-BA1DB28288F0}.Debug|Any CPU.ActiveCfg = Debug|Any CPU
		{F16924D6-9020-4289-9366-BA1DB28288F0}.Debug|Any CPU.Build.0 = Debug|Any CPU
		{F16924D6-9020-4289-9366-BA1DB28288F0}.Debug|x64.ActiveCfg = Debug|Any CPU
		{F16924D6-9020-4289-9366-BA1DB28288F0}.Debug|x64.Build.0 = Debug|Any CPU
		{F16924D6-9020-4289-9366-BA1DB28288F0}.Debug|x86.ActiveCfg = Debug|Any CPU
		{F16924D6-9020-4289-9366-BA1DB28288F0}.Debug|x86.Build.0 = Debug|Any CPU
		{F16924D6-9020-4289-9366-BA1DB28288F0}.Release|Any CPU.ActiveCfg = Release|Any CPU
		{F16924D6-9020-4289-9366-BA1DB28288F0}.Release|Any CPU.Build.0 = Release|Any CPU
		{F16924D6-9020-4289-9366-BA1DB28288F0}.Release|x64.ActiveCfg = Release|Any CPU
		{F16924D6-9020-4289-9366-BA1DB28288F0}.Release|x64.Build.0 = Release|Any CPU
		{F16924D6-9020-4289-9366-BA1DB28288F0}.Release|x86.ActiveCfg = Release|Any CPU
		{F16924D6-9020-4289-9366-BA1DB28288F0}.Release|x86.Build.0 = Release|Any CPU
		{C085460D-4B6E-468B-9BE8-91E42074BF37}.Debug|Any CPU.ActiveCfg = Debug|Any CPU
		{C085460D-4B6E-468B-9BE8-91E42074BF37}.Debug|Any CPU.Build.0 = Debug|Any CPU
		{C085460D-4B6E-468B-9BE8-91E42074BF37}.Debug|x64.ActiveCfg = Debug|Any CPU
		{C085460D-4B6E-468B-9BE8-91E42074BF37}.Debug|x64.Build.0 = Debug|Any CPU
		{C085460D-4B6E-468B-9BE8-91E42074BF37}.Debug|x86.ActiveCfg = Debug|Any CPU
		{C085460D-4B6E-468B-9BE8-91E42074BF37}.Debug|x86.Build.0 = Debug|Any CPU
		{C085460D-4B6E-468B-9BE8-91E42074BF37}.Release|Any CPU.ActiveCfg = Release|Any CPU
		{C085460D-4B6E-468B-9BE8-91E42074BF37}.Release|Any CPU.Build.0 = Release|Any CPU
		{C085460D-4B6E-468B-9BE8-91E42074BF37}.Release|x64.ActiveCfg = Release|Any CPU
		{C085460D-4B6E-468B-9BE8-91E42074BF37}.Release|x64.Build.0 = Release|Any CPU
		{C085460D-4B6E-468B-9BE8-91E42074BF37}.Release|x86.ActiveCfg = Release|Any CPU
		{C085460D-4B6E-468B-9BE8-91E42074BF37}.Release|x86.Build.0 = Release|Any CPU
		{C31E7F32-B32F-4494-9AF1-476AC7719CB4}.Debug|Any CPU.ActiveCfg = Debug|Any CPU
		{C31E7F32-B32F-4494-9AF1-476AC7719CB4}.Debug|Any CPU.Build.0 = Debug|Any CPU
		{C31E7F32-B32F-4494-9AF1-476AC7719CB4}.Debug|x64.ActiveCfg = Debug|Any CPU
		{C31E7F32-B32F-4494-9AF1-476AC7719CB4}.Debug|x64.Build.0 = Debug|Any CPU
		{C31E7F32-B32F-4494-9AF1-476AC7719CB4}.Debug|x86.ActiveCfg = Debug|Any CPU
		{C31E7F32-B32F-4494-9AF1-476AC7719CB4}.Debug|x86.Build.0 = Debug|Any CPU
		{C31E7F32-B32F-4494-9AF1-476AC7719CB4}.Release|Any CPU.ActiveCfg = Release|Any CPU
		{C31E7F32-B32F-4494-9AF1-476AC7719CB4}.Release|Any CPU.Build.0 = Release|Any CPU
		{C31E7F32-B32F-4494-9AF1-476AC7719CB4}.Release|x64.ActiveCfg = Release|Any CPU
		{C31E7F32-B32F-4494-9AF1-476AC7719CB4}.Release|x64.Build.0 = Release|Any CPU
		{C31E7F32-B32F-4494-9AF1-476AC7719CB4}.Release|x86.ActiveCfg = Release|Any CPU
		{C31E7F32-B32F-4494-9AF1-476AC7719CB4}.Release|x86.Build.0 = Release|Any CPU
		{42CF600E-AD15-417A-B687-58C8643F65DA}.Debug|Any CPU.ActiveCfg = Debug|Any CPU
		{42CF600E-AD15-417A-B687-58C8643F65DA}.Debug|Any CPU.Build.0 = Debug|Any CPU
		{42CF600E-AD15-417A-B687-58C8643F65DA}.Debug|x64.ActiveCfg = Debug|Any CPU
		{42CF600E-AD15-417A-B687-58C8643F65DA}.Debug|x64.Build.0 = Debug|Any CPU
		{42CF600E-AD15-417A-B687-58C8643F65DA}.Debug|x86.ActiveCfg = Debug|Any CPU
		{42CF600E-AD15-417A-B687-58C8643F65DA}.Debug|x86.Build.0 = Debug|Any CPU
		{42CF600E-AD15-417A-B687-58C8643F65DA}.Release|Any CPU.ActiveCfg = Release|Any CPU
		{42CF600E-AD15-417A-B687-58C8643F65DA}.Release|Any CPU.Build.0 = Release|Any CPU
		{42CF600E-AD15-417A-B687-58C8643F65DA}.Release|x64.ActiveCfg = Release|Any CPU
		{42CF600E-AD15-417A-B687-58C8643F65DA}.Release|x64.Build.0 = Release|Any CPU
		{42CF600E-AD15-417A-B687-58C8643F65DA}.Release|x86.ActiveCfg = Release|Any CPU
		{42CF600E-AD15-417A-B687-58C8643F65DA}.Release|x86.Build.0 = Release|Any CPU
		{A2C5261E-29FF-4D08-A5BA-8EE8800767CA}.Debug|Any CPU.ActiveCfg = Debug|Any CPU
		{A2C5261E-29FF-4D08-A5BA-8EE8800767CA}.Debug|Any CPU.Build.0 = Debug|Any CPU
		{A2C5261E-29FF-4D08-A5BA-8EE8800767CA}.Debug|x64.ActiveCfg = Debug|Any CPU
		{A2C5261E-29FF-4D08-A5BA-8EE8800767CA}.Debug|x64.Build.0 = Debug|Any CPU
		{A2C5261E-29FF-4D08-A5BA-8EE8800767CA}.Debug|x86.ActiveCfg = Debug|Any CPU
		{A2C5261E-29FF-4D08-A5BA-8EE8800767CA}.Debug|x86.Build.0 = Debug|Any CPU
		{A2C5261E-29FF-4D08-A5BA-8EE8800767CA}.Release|Any CPU.ActiveCfg = Release|Any CPU
		{A2C5261E-29FF-4D08-A5BA-8EE8800767CA}.Release|Any CPU.Build.0 = Release|Any CPU
		{A2C5261E-29FF-4D08-A5BA-8EE8800767CA}.Release|x64.ActiveCfg = Release|Any CPU
		{A2C5261E-29FF-4D08-A5BA-8EE8800767CA}.Release|x64.Build.0 = Release|Any CPU
		{A2C5261E-29FF-4D08-A5BA-8EE8800767CA}.Release|x86.ActiveCfg = Release|Any CPU
		{A2C5261E-29FF-4D08-A5BA-8EE8800767CA}.Release|x86.Build.0 = Release|Any CPU
		{A800594F-9A9C-4B78-9983-4130828E5508}.Debug|Any CPU.ActiveCfg = Debug|Any CPU
		{A800594F-9A9C-4B78-9983-4130828E5508}.Debug|Any CPU.Build.0 = Debug|Any CPU
		{A800594F-9A9C-4B78-9983-4130828E5508}.Debug|x64.ActiveCfg = Debug|Any CPU
		{A800594F-9A9C-4B78-9983-4130828E5508}.Debug|x64.Build.0 = Debug|Any CPU
		{A800594F-9A9C-4B78-9983-4130828E5508}.Debug|x86.ActiveCfg = Debug|Any CPU
		{A800594F-9A9C-4B78-9983-4130828E5508}.Debug|x86.Build.0 = Debug|Any CPU
		{A800594F-9A9C-4B78-9983-4130828E5508}.Release|Any CPU.ActiveCfg = Release|Any CPU
		{A800594F-9A9C-4B78-9983-4130828E5508}.Release|Any CPU.Build.0 = Release|Any CPU
		{A800594F-9A9C-4B78-9983-4130828E5508}.Release|x64.ActiveCfg = Release|Any CPU
		{A800594F-9A9C-4B78-9983-4130828E5508}.Release|x64.Build.0 = Release|Any CPU
		{A800594F-9A9C-4B78-9983-4130828E5508}.Release|x86.ActiveCfg = Release|Any CPU
		{A800594F-9A9C-4B78-9983-4130828E5508}.Release|x86.Build.0 = Release|Any CPU
		{1D15B8CF-C2C5-41D9-B69C-BDE4B05BEBF2}.Debug|Any CPU.ActiveCfg = Debug|Any CPU
		{1D15B8CF-C2C5-41D9-B69C-BDE4B05BEBF2}.Debug|Any CPU.Build.0 = Debug|Any CPU
		{1D15B8CF-C2C5-41D9-B69C-BDE4B05BEBF2}.Debug|x64.ActiveCfg = Debug|Any CPU
		{1D15B8CF-C2C5-41D9-B69C-BDE4B05BEBF2}.Debug|x64.Build.0 = Debug|Any CPU
		{1D15B8CF-C2C5-41D9-B69C-BDE4B05BEBF2}.Debug|x86.ActiveCfg = Debug|Any CPU
		{1D15B8CF-C2C5-41D9-B69C-BDE4B05BEBF2}.Debug|x86.Build.0 = Debug|Any CPU
		{1D15B8CF-C2C5-41D9-B69C-BDE4B05BEBF2}.Release|Any CPU.ActiveCfg = Release|Any CPU
		{1D15B8CF-C2C5-41D9-B69C-BDE4B05BEBF2}.Release|Any CPU.Build.0 = Release|Any CPU
		{1D15B8CF-C2C5-41D9-B69C-BDE4B05BEBF2}.Release|x64.ActiveCfg = Release|Any CPU
		{1D15B8CF-C2C5-41D9-B69C-BDE4B05BEBF2}.Release|x64.Build.0 = Release|Any CPU
		{1D15B8CF-C2C5-41D9-B69C-BDE4B05BEBF2}.Release|x86.ActiveCfg = Release|Any CPU
		{1D15B8CF-C2C5-41D9-B69C-BDE4B05BEBF2}.Release|x86.Build.0 = Release|Any CPU
		{24A2D484-1155-4459-B861-5A312E37C22C}.Debug|Any CPU.ActiveCfg = Debug|Any CPU
		{24A2D484-1155-4459-B861-5A312E37C22C}.Debug|Any CPU.Build.0 = Debug|Any CPU
		{24A2D484-1155-4459-B861-5A312E37C22C}.Debug|x64.ActiveCfg = Debug|Any CPU
		{24A2D484-1155-4459-B861-5A312E37C22C}.Debug|x64.Build.0 = Debug|Any CPU
		{24A2D484-1155-4459-B861-5A312E37C22C}.Debug|x86.ActiveCfg = Debug|Any CPU
		{24A2D484-1155-4459-B861-5A312E37C22C}.Debug|x86.Build.0 = Debug|Any CPU
		{24A2D484-1155-4459-B861-5A312E37C22C}.Release|Any CPU.ActiveCfg = Release|Any CPU
		{24A2D484-1155-4459-B861-5A312E37C22C}.Release|Any CPU.Build.0 = Release|Any CPU
		{24A2D484-1155-4459-B861-5A312E37C22C}.Release|x64.ActiveCfg = Release|Any CPU
		{24A2D484-1155-4459-B861-5A312E37C22C}.Release|x64.Build.0 = Release|Any CPU
		{24A2D484-1155-4459-B861-5A312E37C22C}.Release|x86.ActiveCfg = Release|Any CPU
		{24A2D484-1155-4459-B861-5A312E37C22C}.Release|x86.Build.0 = Release|Any CPU
		{2AE4552D-A806-4312-83FF-48BCA0AC7D8B}.Debug|Any CPU.ActiveCfg = Debug|Any CPU
		{2AE4552D-A806-4312-83FF-48BCA0AC7D8B}.Debug|Any CPU.Build.0 = Debug|Any CPU
		{2AE4552D-A806-4312-83FF-48BCA0AC7D8B}.Debug|x64.ActiveCfg = Debug|Any CPU
		{2AE4552D-A806-4312-83FF-48BCA0AC7D8B}.Debug|x64.Build.0 = Debug|Any CPU
		{2AE4552D-A806-4312-83FF-48BCA0AC7D8B}.Debug|x86.ActiveCfg = Debug|Any CPU
		{2AE4552D-A806-4312-83FF-48BCA0AC7D8B}.Debug|x86.Build.0 = Debug|Any CPU
		{2AE4552D-A806-4312-83FF-48BCA0AC7D8B}.Release|Any CPU.ActiveCfg = Release|Any CPU
		{2AE4552D-A806-4312-83FF-48BCA0AC7D8B}.Release|Any CPU.Build.0 = Release|Any CPU
		{2AE4552D-A806-4312-83FF-48BCA0AC7D8B}.Release|x64.ActiveCfg = Release|Any CPU
		{2AE4552D-A806-4312-83FF-48BCA0AC7D8B}.Release|x64.Build.0 = Release|Any CPU
		{2AE4552D-A806-4312-83FF-48BCA0AC7D8B}.Release|x86.ActiveCfg = Release|Any CPU
		{2AE4552D-A806-4312-83FF-48BCA0AC7D8B}.Release|x86.Build.0 = Release|Any CPU
		{3C1906DD-01DE-4C8A-AE7D-E61180A86680}.Debug|Any CPU.ActiveCfg = Debug|Any CPU
		{3C1906DD-01DE-4C8A-AE7D-E61180A86680}.Debug|Any CPU.Build.0 = Debug|Any CPU
		{3C1906DD-01DE-4C8A-AE7D-E61180A86680}.Debug|x64.ActiveCfg = Debug|Any CPU
		{3C1906DD-01DE-4C8A-AE7D-E61180A86680}.Debug|x64.Build.0 = Debug|Any CPU
		{3C1906DD-01DE-4C8A-AE7D-E61180A86680}.Debug|x86.ActiveCfg = Debug|Any CPU
		{3C1906DD-01DE-4C8A-AE7D-E61180A86680}.Debug|x86.Build.0 = Debug|Any CPU
		{3C1906DD-01DE-4C8A-AE7D-E61180A86680}.Release|Any CPU.ActiveCfg = Release|Any CPU
		{3C1906DD-01DE-4C8A-AE7D-E61180A86680}.Release|Any CPU.Build.0 = Release|Any CPU
		{3C1906DD-01DE-4C8A-AE7D-E61180A86680}.Release|x64.ActiveCfg = Release|Any CPU
		{3C1906DD-01DE-4C8A-AE7D-E61180A86680}.Release|x64.Build.0 = Release|Any CPU
		{3C1906DD-01DE-4C8A-AE7D-E61180A86680}.Release|x86.ActiveCfg = Release|Any CPU
		{3C1906DD-01DE-4C8A-AE7D-E61180A86680}.Release|x86.Build.0 = Release|Any CPU
		{C1FCE134-ED4B-482A-BE54-37DECD357735}.Debug|Any CPU.ActiveCfg = Debug|Any CPU
		{C1FCE134-ED4B-482A-BE54-37DECD357735}.Debug|Any CPU.Build.0 = Debug|Any CPU
		{C1FCE134-ED4B-482A-BE54-37DECD357735}.Debug|x64.ActiveCfg = Debug|Any CPU
		{C1FCE134-ED4B-482A-BE54-37DECD357735}.Debug|x64.Build.0 = Debug|Any CPU
		{C1FCE134-ED4B-482A-BE54-37DECD357735}.Debug|x86.ActiveCfg = Debug|Any CPU
		{C1FCE134-ED4B-482A-BE54-37DECD357735}.Debug|x86.Build.0 = Debug|Any CPU
		{C1FCE134-ED4B-482A-BE54-37DECD357735}.Release|Any CPU.ActiveCfg = Release|Any CPU
		{C1FCE134-ED4B-482A-BE54-37DECD357735}.Release|Any CPU.Build.0 = Release|Any CPU
		{C1FCE134-ED4B-482A-BE54-37DECD357735}.Release|x64.ActiveCfg = Release|Any CPU
		{C1FCE134-ED4B-482A-BE54-37DECD357735}.Release|x64.Build.0 = Release|Any CPU
		{C1FCE134-ED4B-482A-BE54-37DECD357735}.Release|x86.ActiveCfg = Release|Any CPU
		{C1FCE134-ED4B-482A-BE54-37DECD357735}.Release|x86.Build.0 = Release|Any CPU
		{C1543FD9-44DE-4DE9-949C-5AC6527AC45A}.Debug|Any CPU.ActiveCfg = Debug|Any CPU
		{C1543FD9-44DE-4DE9-949C-5AC6527AC45A}.Debug|Any CPU.Build.0 = Debug|Any CPU
		{C1543FD9-44DE-4DE9-949C-5AC6527AC45A}.Debug|x64.ActiveCfg = Debug|Any CPU
		{C1543FD9-44DE-4DE9-949C-5AC6527AC45A}.Debug|x64.Build.0 = Debug|Any CPU
		{C1543FD9-44DE-4DE9-949C-5AC6527AC45A}.Debug|x86.ActiveCfg = Debug|Any CPU
		{C1543FD9-44DE-4DE9-949C-5AC6527AC45A}.Debug|x86.Build.0 = Debug|Any CPU
		{C1543FD9-44DE-4DE9-949C-5AC6527AC45A}.Release|Any CPU.ActiveCfg = Release|Any CPU
		{C1543FD9-44DE-4DE9-949C-5AC6527AC45A}.Release|Any CPU.Build.0 = Release|Any CPU
		{C1543FD9-44DE-4DE9-949C-5AC6527AC45A}.Release|x64.ActiveCfg = Release|Any CPU
		{C1543FD9-44DE-4DE9-949C-5AC6527AC45A}.Release|x64.Build.0 = Release|Any CPU
		{C1543FD9-44DE-4DE9-949C-5AC6527AC45A}.Release|x86.ActiveCfg = Release|Any CPU
		{C1543FD9-44DE-4DE9-949C-5AC6527AC45A}.Release|x86.Build.0 = Release|Any CPU
		{5DE15181-4B88-41AB-9A7E-576140A2A60F}.Debug|Any CPU.ActiveCfg = Debug|Any CPU
		{5DE15181-4B88-41AB-9A7E-576140A2A60F}.Debug|Any CPU.Build.0 = Debug|Any CPU
		{5DE15181-4B88-41AB-9A7E-576140A2A60F}.Debug|x64.ActiveCfg = Debug|Any CPU
		{5DE15181-4B88-41AB-9A7E-576140A2A60F}.Debug|x64.Build.0 = Debug|Any CPU
		{5DE15181-4B88-41AB-9A7E-576140A2A60F}.Debug|x86.ActiveCfg = Debug|Any CPU
		{5DE15181-4B88-41AB-9A7E-576140A2A60F}.Debug|x86.Build.0 = Debug|Any CPU
		{5DE15181-4B88-41AB-9A7E-576140A2A60F}.Release|Any CPU.ActiveCfg = Release|Any CPU
		{5DE15181-4B88-41AB-9A7E-576140A2A60F}.Release|Any CPU.Build.0 = Release|Any CPU
		{5DE15181-4B88-41AB-9A7E-576140A2A60F}.Release|x64.ActiveCfg = Release|Any CPU
		{5DE15181-4B88-41AB-9A7E-576140A2A60F}.Release|x64.Build.0 = Release|Any CPU
		{5DE15181-4B88-41AB-9A7E-576140A2A60F}.Release|x86.ActiveCfg = Release|Any CPU
		{5DE15181-4B88-41AB-9A7E-576140A2A60F}.Release|x86.Build.0 = Release|Any CPU
		{A39DCEAE-9FEA-4FFE-BE21-AEA83549FCD4}.Debug|Any CPU.ActiveCfg = Debug|Any CPU
		{A39DCEAE-9FEA-4FFE-BE21-AEA83549FCD4}.Debug|Any CPU.Build.0 = Debug|Any CPU
		{A39DCEAE-9FEA-4FFE-BE21-AEA83549FCD4}.Debug|x64.ActiveCfg = Debug|Any CPU
		{A39DCEAE-9FEA-4FFE-BE21-AEA83549FCD4}.Debug|x64.Build.0 = Debug|Any CPU
		{A39DCEAE-9FEA-4FFE-BE21-AEA83549FCD4}.Debug|x86.ActiveCfg = Debug|Any CPU
		{A39DCEAE-9FEA-4FFE-BE21-AEA83549FCD4}.Debug|x86.Build.0 = Debug|Any CPU
		{A39DCEAE-9FEA-4FFE-BE21-AEA83549FCD4}.Release|Any CPU.ActiveCfg = Release|Any CPU
		{A39DCEAE-9FEA-4FFE-BE21-AEA83549FCD4}.Release|Any CPU.Build.0 = Release|Any CPU
		{A39DCEAE-9FEA-4FFE-BE21-AEA83549FCD4}.Release|x64.ActiveCfg = Release|Any CPU
		{A39DCEAE-9FEA-4FFE-BE21-AEA83549FCD4}.Release|x64.Build.0 = Release|Any CPU
		{A39DCEAE-9FEA-4FFE-BE21-AEA83549FCD4}.Release|x86.ActiveCfg = Release|Any CPU
		{A39DCEAE-9FEA-4FFE-BE21-AEA83549FCD4}.Release|x86.Build.0 = Release|Any CPU
		{44427564-1E7F-4ECB-94F8-71973322E83F}.Debug|Any CPU.ActiveCfg = Debug|Any CPU
		{44427564-1E7F-4ECB-94F8-71973322E83F}.Debug|Any CPU.Build.0 = Debug|Any CPU
		{44427564-1E7F-4ECB-94F8-71973322E83F}.Debug|x64.ActiveCfg = Debug|Any CPU
		{44427564-1E7F-4ECB-94F8-71973322E83F}.Debug|x64.Build.0 = Debug|Any CPU
		{44427564-1E7F-4ECB-94F8-71973322E83F}.Debug|x86.ActiveCfg = Debug|Any CPU
		{44427564-1E7F-4ECB-94F8-71973322E83F}.Debug|x86.Build.0 = Debug|Any CPU
		{44427564-1E7F-4ECB-94F8-71973322E83F}.Release|Any CPU.ActiveCfg = Release|Any CPU
		{44427564-1E7F-4ECB-94F8-71973322E83F}.Release|Any CPU.Build.0 = Release|Any CPU
		{44427564-1E7F-4ECB-94F8-71973322E83F}.Release|x64.ActiveCfg = Release|Any CPU
		{44427564-1E7F-4ECB-94F8-71973322E83F}.Release|x64.Build.0 = Release|Any CPU
		{44427564-1E7F-4ECB-94F8-71973322E83F}.Release|x86.ActiveCfg = Release|Any CPU
		{44427564-1E7F-4ECB-94F8-71973322E83F}.Release|x86.Build.0 = Release|Any CPU
		{E776CE61-CCE8-4651-BD8C-AAA7C8C67A59}.Debug|Any CPU.ActiveCfg = Debug|Any CPU
		{E776CE61-CCE8-4651-BD8C-AAA7C8C67A59}.Debug|Any CPU.Build.0 = Debug|Any CPU
		{E776CE61-CCE8-4651-BD8C-AAA7C8C67A59}.Debug|x64.ActiveCfg = Debug|Any CPU
		{E776CE61-CCE8-4651-BD8C-AAA7C8C67A59}.Debug|x64.Build.0 = Debug|Any CPU
		{E776CE61-CCE8-4651-BD8C-AAA7C8C67A59}.Debug|x86.ActiveCfg = Debug|Any CPU
		{E776CE61-CCE8-4651-BD8C-AAA7C8C67A59}.Debug|x86.Build.0 = Debug|Any CPU
		{E776CE61-CCE8-4651-BD8C-AAA7C8C67A59}.Release|Any CPU.ActiveCfg = Release|Any CPU
		{E776CE61-CCE8-4651-BD8C-AAA7C8C67A59}.Release|Any CPU.Build.0 = Release|Any CPU
		{E776CE61-CCE8-4651-BD8C-AAA7C8C67A59}.Release|x64.ActiveCfg = Release|Any CPU
		{E776CE61-CCE8-4651-BD8C-AAA7C8C67A59}.Release|x64.Build.0 = Release|Any CPU
		{E776CE61-CCE8-4651-BD8C-AAA7C8C67A59}.Release|x86.ActiveCfg = Release|Any CPU
		{E776CE61-CCE8-4651-BD8C-AAA7C8C67A59}.Release|x86.Build.0 = Release|Any CPU
		{28562102-DFCB-406B-86AC-FA7A5B073903}.Debug|Any CPU.ActiveCfg = Debug|Any CPU
		{28562102-DFCB-406B-86AC-FA7A5B073903}.Debug|Any CPU.Build.0 = Debug|Any CPU
		{28562102-DFCB-406B-86AC-FA7A5B073903}.Debug|x64.ActiveCfg = Debug|Any CPU
		{28562102-DFCB-406B-86AC-FA7A5B073903}.Debug|x64.Build.0 = Debug|Any CPU
		{28562102-DFCB-406B-86AC-FA7A5B073903}.Debug|x86.ActiveCfg = Debug|Any CPU
		{28562102-DFCB-406B-86AC-FA7A5B073903}.Debug|x86.Build.0 = Debug|Any CPU
		{28562102-DFCB-406B-86AC-FA7A5B073903}.Release|Any CPU.ActiveCfg = Release|Any CPU
		{28562102-DFCB-406B-86AC-FA7A5B073903}.Release|Any CPU.Build.0 = Release|Any CPU
		{28562102-DFCB-406B-86AC-FA7A5B073903}.Release|x64.ActiveCfg = Release|Any CPU
		{28562102-DFCB-406B-86AC-FA7A5B073903}.Release|x64.Build.0 = Release|Any CPU
		{28562102-DFCB-406B-86AC-FA7A5B073903}.Release|x86.ActiveCfg = Release|Any CPU
		{28562102-DFCB-406B-86AC-FA7A5B073903}.Release|x86.Build.0 = Release|Any CPU
	EndGlobalSection
	GlobalSection(SolutionProperties) = preSolution
		HideSolutionNode = FALSE
	EndGlobalSection
	GlobalSection(NestedProjects) = preSolution
		{C13E73B6-616D-3195-CD22-1E55A7D1F969} = {827E0CD3-B72D-47B6-A68D-7590B98EB39B}
		{0691B57A-016E-CC34-00A2-3232A94D6774} = {C13E73B6-616D-3195-CD22-1E55A7D1F969}
		{0AE35F2E-82D8-48C7-9BCC-930B40B7EE2D} = {0691B57A-016E-CC34-00A2-3232A94D6774}
		{17398E91-D91F-340C-59F4-1EE173D477A0} = {C13E73B6-616D-3195-CD22-1E55A7D1F969}
		{BC988A2B-F816-4F6A-B4C9-CDF6BDDC3717} = {17398E91-D91F-340C-59F4-1EE173D477A0}
		{984BB9B3-3FA3-BE33-9484-CAC21695A33C} = {827E0CD3-B72D-47B6-A68D-7590B98EB39B}
		{0F7B896F-8F20-A128-DE69-B3ECEFF261A9} = {984BB9B3-3FA3-BE33-9484-CAC21695A33C}
		{1F3947EB-E5A7-D4BC-7D18-598BC1F3E5A7} = {0F7B896F-8F20-A128-DE69-B3ECEFF261A9}
		{9655DF01-16E3-44E5-AFB2-94555025C6E7} = {1F3947EB-E5A7-D4BC-7D18-598BC1F3E5A7}
		{CEBE1C78-646E-4A69-B261-414EBAA7459F} = {1F3947EB-E5A7-D4BC-7D18-598BC1F3E5A7}
		{352D00C4-135E-4D67-822C-C050A763EDA7} = {1F3947EB-E5A7-D4BC-7D18-598BC1F3E5A7}
		{874E7206-992C-489F-83F5-3A47D6F9643B} = {1F3947EB-E5A7-D4BC-7D18-598BC1F3E5A7}
		{18CD5D4C-C90B-F91A-C84E-055041F9F9F9} = {984BB9B3-3FA3-BE33-9484-CAC21695A33C}
		{0C74EC83-CADA-D1AA-32D8-8BB46D5A82F0} = {18CD5D4C-C90B-F91A-C84E-055041F9F9F9}
		{6EB7CCED-ADFF-4901-966D-69E234C78B29} = {0C74EC83-CADA-D1AA-32D8-8BB46D5A82F0}
		{A1F171D8-39C5-483D-AC3E-56787B184FFD} = {0C74EC83-CADA-D1AA-32D8-8BB46D5A82F0}
		{07CEB35E-FC4E-47FC-A2FC-1385DD3E07F8} = {0C74EC83-CADA-D1AA-32D8-8BB46D5A82F0}
		{2CCBC6F5-6AC4-42EB-8AF1-7996AF8744D7} = {0C74EC83-CADA-D1AA-32D8-8BB46D5A82F0}
		{1BFC9479-12BF-35C3-06B8-42D89D95092B} = {984BB9B3-3FA3-BE33-9484-CAC21695A33C}
		{08275E4F-9D48-4557-7502-064122A05153} = {1BFC9479-12BF-35C3-06B8-42D89D95092B}
		{F16924D6-9020-4289-9366-BA1DB28288F0} = {08275E4F-9D48-4557-7502-064122A05153}
		{C085460D-4B6E-468B-9BE8-91E42074BF37} = {08275E4F-9D48-4557-7502-064122A05153}
		{C31E7F32-B32F-4494-9AF1-476AC7719CB4} = {08275E4F-9D48-4557-7502-064122A05153}
		{42CF600E-AD15-417A-B687-58C8643F65DA} = {08275E4F-9D48-4557-7502-064122A05153}
		{6306A8FB-679E-111F-6585-8F70E0EE6013} = {827E0CD3-B72D-47B6-A68D-7590B98EB39B}
		{A2C5261E-29FF-4D08-A5BA-8EE8800767CA} = {6306A8FB-679E-111F-6585-8F70E0EE6013}
		{63882A7C-90E5-DEE3-63BB-E6ABDBC8A365} = {827E0CD3-B72D-47B6-A68D-7590B98EB39B}
		{A800594F-9A9C-4B78-9983-4130828E5508} = {63882A7C-90E5-DEE3-63BB-E6ABDBC8A365}
		{FD11E8FD-FA37-D09A-0E3B-962F97776DA7} = {827E0CD3-B72D-47B6-A68D-7590B98EB39B}
		{4D2E7B1B-2526-EBBC-F6B3-37229C795DD3} = {FD11E8FD-FA37-D09A-0E3B-962F97776DA7}
		{1D15B8CF-C2C5-41D9-B69C-BDE4B05BEBF2} = {4D2E7B1B-2526-EBBC-F6B3-37229C795DD3}
		{C13D1D1E-F56B-E13F-2CB3-41C225EB9028} = {FD11E8FD-FA37-D09A-0E3B-962F97776DA7}
		{24A2D484-1155-4459-B861-5A312E37C22C} = {C13D1D1E-F56B-E13F-2CB3-41C225EB9028}
		{EC13D640-B63E-5DF5-8423-78F5754BCB04} = {FD11E8FD-FA37-D09A-0E3B-962F97776DA7}
		{2AE4552D-A806-4312-83FF-48BCA0AC7D8B} = {EC13D640-B63E-5DF5-8423-78F5754BCB04}
		{D0EA2945-A714-1FCD-8E4D-522B2AAF6602} = {FD11E8FD-FA37-D09A-0E3B-962F97776DA7}
		{3C1906DD-01DE-4C8A-AE7D-E61180A86680} = {D0EA2945-A714-1FCD-8E4D-522B2AAF6602}
		{FA49C31E-91F7-FF19-6028-9B3D7133ABE9} = {FD11E8FD-FA37-D09A-0E3B-962F97776DA7}
		{C1FCE134-ED4B-482A-BE54-37DECD357735} = {FA49C31E-91F7-FF19-6028-9B3D7133ABE9}
		{83D8EDDF-4362-4EAC-9DFF-24DE79F1740B} = {FD11E8FD-FA37-D09A-0E3B-962F97776DA7}
		{C1543FD9-44DE-4DE9-949C-5AC6527AC45A} = {83D8EDDF-4362-4EAC-9DFF-24DE79F1740B}
		{5DE15181-4B88-41AB-9A7E-576140A2A60F} = {0AB3BF05-4346-4AA6-1389-037BE0695223}
		{0806B048-0DFF-A98F-58B8-0A0F513B63E0} = {0F7B896F-8F20-A128-DE69-B3ECEFF261A9}
		{5493BACB-7777-1B6E-F610-E55917F9DD2B} = {0F7B896F-8F20-A128-DE69-B3ECEFF261A9}
		{A39DCEAE-9FEA-4FFE-BE21-AEA83549FCD4} = {0AB3BF05-4346-4AA6-1389-037BE0695223}
		{30DE8BE3-29A0-245F-54CC-A451D0813DFC} = {18CD5D4C-C90B-F91A-C84E-055041F9F9F9}
		{03247192-30A1-72AC-BDB9-6FC54C524DD5} = {18CD5D4C-C90B-F91A-C84E-055041F9F9F9}
		{44427564-1E7F-4ECB-94F8-71973322E83F} = {0AB3BF05-4346-4AA6-1389-037BE0695223}
		{E776CE61-CCE8-4651-BD8C-AAA7C8C67A59} = {0AB3BF05-4346-4AA6-1389-037BE0695223}
		{28562102-DFCB-406B-86AC-FA7A5B073903} = {0AB3BF05-4346-4AA6-1389-037BE0695223}
	EndGlobalSection
EndGlobal
